// !$*UTF8*$!
{
	archiveVersion = 1;
	classes = {
	};
	objectVersion = 56;
	objects = {

/* Begin PBXBuildFile section */
		B0CDC43A50AAD1913A8DBCC6 /* Pods_Sample_AR_GunMan_Replace_SwiftUI.framework in Frameworks */ = {isa = PBXBuildFile; fileRef = AE7C0DA9E81CB0F805C19489 /* Pods_Sample_AR_GunMan_Replace_SwiftUI.framework */; };
		B43470AD20B0569B779EE7D0 /* Pods_Sample_AR_GunMan_Replace_SwiftUITests.framework in Frameworks */ = {isa = PBXBuildFile; fileRef = 3C0A2D42C282A1BA39021E21 /* Pods_Sample_AR_GunMan_Replace_SwiftUITests.framework */; };
		BA663FF8FEFA4C1253172AD0 /* Pods_Sample_AR_GunMan_Replace_SwiftUI_Sample_AR_GunMan_Replace_SwiftUIUITests.framework in Frameworks */ = {isa = PBXBuildFile; fileRef = A446B7296F9F55517A56CE20 /* Pods_Sample_AR_GunMan_Replace_SwiftUI_Sample_AR_GunMan_Replace_SwiftUIUITests.framework */; };
		BC277D022D145E5E00A56324 /* ARShooting in Frameworks */ = {isa = PBXBuildFile; productRef = BC277D012D145E5E00A56324 /* ARShooting */; };
		BC3908BE2D0F272A001AF829 /* WeaponSelectViewController.swift in Sources */ = {isa = PBXBuildFile; fileRef = BC3908B92D0F272A001AF829 /* WeaponSelectViewController.swift */; };
		BC3908BF2D0F272A001AF829 /* WeaponSelectCell.xib in Resources */ = {isa = PBXBuildFile; fileRef = BC3908BA2D0F272A001AF829 /* WeaponSelectCell.xib */; };
		BC3908C02D0F272A001AF829 /* WeaponSelectView.swift in Sources */ = {isa = PBXBuildFile; fileRef = BC3908BB2D0F272A001AF829 /* WeaponSelectView.swift */; };
		BC3908C12D0F272A001AF829 /* WeaponSelectCell.swift in Sources */ = {isa = PBXBuildFile; fileRef = BC3908BC2D0F272A001AF829 /* WeaponSelectCell.swift */; };
		BC3908C22D0F272A001AF829 /* WeaponSelectViewController.xib in Resources */ = {isa = PBXBuildFile; fileRef = BC3908BD2D0F272A001AF829 /* WeaponSelectViewController.xib */; };
		BC3908C42D0F283C001AF829 /* NSObject+Extension.swift in Sources */ = {isa = PBXBuildFile; fileRef = BC3908C32D0F283C001AF829 /* NSObject+Extension.swift */; };
		BC3909462D104F04001AF829 /* Color+Extension.swift in Sources */ = {isa = PBXBuildFile; fileRef = BC3909452D104F04001AF829 /* Color+Extension.swift */; };
		BC39094A2D1057AF001AF829 /* TopViewModel.swift in Sources */ = {isa = PBXBuildFile; fileRef = BC3909492D1057AF001AF829 /* TopViewModel.swift */; };
		BC39094E2D10F42B001AF829 /* SettingsView.swift in Sources */ = {isa = PBXBuildFile; fileRef = BC39094D2D10F42B001AF829 /* SettingsView.swift */; };
		BC3909502D10FBA4001AF829 /* SettingsViewModel.swift in Sources */ = {isa = PBXBuildFile; fileRef = BC39094F2D10FBA4001AF829 /* SettingsViewModel.swift */; };
		BC469FB72D185DFE00DFA407 /* ResultView.swift in Sources */ = {isa = PBXBuildFile; fileRef = BC469FB62D185DFE00DFA407 /* ResultView.swift */; };
		BC469FB92D19A4C800DFA407 /* RankingView.swift in Sources */ = {isa = PBXBuildFile; fileRef = BC469FB82D19A4C800DFA407 /* RankingView.swift */; };
		BC469FBB2D19A5D000DFA407 /* RankingListeItem.swift in Sources */ = {isa = PBXBuildFile; fileRef = BC469FBA2D19A5D000DFA407 /* RankingListeItem.swift */; };
		BC469FBD2D19A5DB00DFA407 /* RankingListView.swift in Sources */ = {isa = PBXBuildFile; fileRef = BC469FBC2D19A5DB00DFA407 /* RankingListView.swift */; };
		BC469FC12D1AE6E600DFA407 /* Ranking.swift in Sources */ = {isa = PBXBuildFile; fileRef = BC469FC02D1AE6E600DFA407 /* Ranking.swift */; };
		BC469FC32D1B064000DFA407 /* RankingViewModel.swift in Sources */ = {isa = PBXBuildFile; fileRef = BC469FC22D1B064000DFA407 /* RankingViewModel.swift */; };
		BC469FC52D1B105A00DFA407 /* SafariViewControllerRepresentable.swift in Sources */ = {isa = PBXBuildFile; fileRef = BC469FC42D1B105A00DFA407 /* SafariViewControllerRepresentable.swift */; };
		BC469FC72D2FA61200DFA407 /* ResultViewModel.swift in Sources */ = {isa = PBXBuildFile; fileRef = BC469FC62D2FA61200DFA407 /* ResultViewModel.swift */; };
		BC79D4802D142ED9008D4D8B /* TopViewFactory.swift in Sources */ = {isa = PBXBuildFile; fileRef = BC79D47F2D142ED9008D4D8B /* TopViewFactory.swift */; };
		BC79D4822D142F74008D4D8B /* GameViewFactory.swift in Sources */ = {isa = PBXBuildFile; fileRef = BC79D4812D142F74008D4D8B /* GameViewFactory.swift */; };
		BC79D4842D142FBB008D4D8B /* SettingsViewFactory.swift in Sources */ = {isa = PBXBuildFile; fileRef = BC79D4832D142FBB008D4D8B /* SettingsViewFactory.swift */; };
		BC79D4862D1432CC008D4D8B /* WeaponSelectViewModel.swift in Sources */ = {isa = PBXBuildFile; fileRef = BC79D4852D1432CC008D4D8B /* WeaponSelectViewModel.swift */; };
		BC79D4882D143867008D4D8B /* WeaponSelectViewFactory.swift in Sources */ = {isa = PBXBuildFile; fileRef = BC79D4872D143867008D4D8B /* WeaponSelectViewFactory.swift */; };
		BC7CAC962D17C938009E6D31 /* CustomModalPresenter.swift in Sources */ = {isa = PBXBuildFile; fileRef = BC7CAC952D17C938009E6D31 /* CustomModalPresenter.swift */; };
		BC7CAC982D1827A5009E6D31 /* UIBlurEffectViewRepresentable.swift in Sources */ = {isa = PBXBuildFile; fileRef = BC7CAC972D1827A5009E6D31 /* UIBlurEffectViewRepresentable.swift */; };
		BC8935B02D17983000E59C78 /* StopMotionAnimationView.swift in Sources */ = {isa = PBXBuildFile; fileRef = BC8935AF2D17983000E59C78 /* StopMotionAnimationView.swift */; };
		BCB2B0212D1247DA001EE755 /* WeaponControlMotion in Frameworks */ = {isa = PBXBuildFile; productRef = BCB2B0202D1247DA001EE755 /* WeaponControlMotion */; };
		BCB765EB2D2FC6CA00BF7CDD /* NameRegisterView.swift in Sources */ = {isa = PBXBuildFile; fileRef = BCB765EA2D2FC6CA00BF7CDD /* NameRegisterView.swift */; };
		BCB765ED2D2FC6E900BF7CDD /* NameRegisterViewModel.swift in Sources */ = {isa = PBXBuildFile; fileRef = BCB765EC2D2FC6E900BF7CDD /* NameRegisterViewModel.swift */; };
		BCB765EF2D312A1F00BF7CDD /* RankingRepository.swift in Sources */ = {isa = PBXBuildFile; fileRef = BCB765EE2D312A1F00BF7CDD /* RankingRepository.swift */; };
		BCB765F12D312B9900BF7CDD /* RankingRepositoryInterface.swift in Sources */ = {isa = PBXBuildFile; fileRef = BCB765F02D312B9900BF7CDD /* RankingRepositoryInterface.swift */; };
		BCB765F32D312C5500BF7CDD /* RankingRepositoryStub.swift in Sources */ = {isa = PBXBuildFile; fileRef = BCB765F22D312C5500BF7CDD /* RankingRepositoryStub.swift */; };
		BCEA71FC2D16C22C006BEA65 /* PermissionRepository.swift in Sources */ = {isa = PBXBuildFile; fileRef = BCEA71FB2D16C22C006BEA65 /* PermissionRepository.swift */; };
		BCEA71FE2D16C254006BEA65 /* PermissionRepositoryInterface.swift in Sources */ = {isa = PBXBuildFile; fileRef = BCEA71FD2D16C254006BEA65 /* PermissionRepositoryInterface.swift */; };
		BCEA72002D16C547006BEA65 /* CameraUsagePermissionHandlingUseCase.swift in Sources */ = {isa = PBXBuildFile; fileRef = BCEA71FF2D16C547006BEA65 /* CameraUsagePermissionHandlingUseCase.swift */; };
		BCEA72022D16E28D006BEA65 /* TutorialView.swift in Sources */ = {isa = PBXBuildFile; fileRef = BCEA72012D16E28D006BEA65 /* TutorialView.swift */; };
		BCEA72042D16E32E006BEA65 /* ContentFrameTrackableScrollView.swift in Sources */ = {isa = PBXBuildFile; fileRef = BCEA72032D16E32E006BEA65 /* ContentFrameTrackableScrollView.swift */; };
		BCEA72062D16EEF9006BEA65 /* TutorialScrollViewItem.swift in Sources */ = {isa = PBXBuildFile; fileRef = BCEA72052D16EEF9006BEA65 /* TutorialScrollViewItem.swift */; };
		BCEA72082D16F710006BEA65 /* CenterPreviewView.swift in Sources */ = {isa = PBXBuildFile; fileRef = BCEA72072D16F710006BEA65 /* CenterPreviewView.swift */; };
		BCEA720B2D16F834006BEA65 /* TutorialConst.swift in Sources */ = {isa = PBXBuildFile; fileRef = BCEA720A2D16F834006BEA65 /* TutorialConst.swift */; };
		BCEA720D2D1708F2006BEA65 /* TutorialViewModel.swift in Sources */ = {isa = PBXBuildFile; fileRef = BCEA720C2D1708F2006BEA65 /* TutorialViewModel.swift */; };
		BCFB7A602CF9F6240018649D /* Sample_AR_GunMan_Replace_SwiftUIApp.swift in Sources */ = {isa = PBXBuildFile; fileRef = BCFB7A5F2CF9F6240018649D /* Sample_AR_GunMan_Replace_SwiftUIApp.swift */; };
		BCFB7A642CF9F6250018649D /* Assets.xcassets in Resources */ = {isa = PBXBuildFile; fileRef = BCFB7A632CF9F6250018649D /* Assets.xcassets */; };
		BCFB7A672CF9F6250018649D /* Preview Assets.xcassets in Resources */ = {isa = PBXBuildFile; fileRef = BCFB7A662CF9F6250018649D /* Preview Assets.xcassets */; };
		BCFB7A712CF9F6260018649D /* Sample_AR_GunMan_Replace_SwiftUITests.swift in Sources */ = {isa = PBXBuildFile; fileRef = BCFB7A702CF9F6260018649D /* Sample_AR_GunMan_Replace_SwiftUITests.swift */; };
		BCFB7A7B2CF9F6260018649D /* Sample_AR_GunMan_Replace_SwiftUIUITests.swift in Sources */ = {isa = PBXBuildFile; fileRef = BCFB7A7A2CF9F6260018649D /* Sample_AR_GunMan_Replace_SwiftUIUITests.swift */; };
		BCFB7A7D2CF9F6260018649D /* Sample_AR_GunMan_Replace_SwiftUIUITestsLaunchTests.swift in Sources */ = {isa = PBXBuildFile; fileRef = BCFB7A7C2CF9F6260018649D /* Sample_AR_GunMan_Replace_SwiftUIUITestsLaunchTests.swift */; };
		BCFB7A8A2CF9F70E0018649D /* TopView.swift in Sources */ = {isa = PBXBuildFile; fileRef = BCFB7A892CF9F70E0018649D /* TopView.swift */; };
		BCFB7A8C2CF9FA0F0018649D /* GameView.swift in Sources */ = {isa = PBXBuildFile; fileRef = BCFB7A8B2CF9FA0F0018649D /* GameView.swift */; };
		BCFB7A9E2CF9FA4A0018649D /* bazooka_explosion.mp3 in Resources */ = {isa = PBXBuildFile; fileRef = BCFB7A8D2CF9FA490018649D /* bazooka_explosion.mp3 */; };
		BCFB7A9F2CF9FA4A0018649D /* bazooka_reload.mp3 in Resources */ = {isa = PBXBuildFile; fileRef = BCFB7A8E2CF9FA490018649D /* bazooka_reload.mp3 */; };
		BCFB7AA02CF9FA4A0018649D /* bazooka_appear.mp3 in Resources */ = {isa = PBXBuildFile; fileRef = BCFB7A8F2CF9FA490018649D /* bazooka_appear.mp3 */; };
		BCFB7AA12CF9FA4A0018649D /* bazooka_fire.mp3 in Resources */ = {isa = PBXBuildFile; fileRef = BCFB7A902CF9FA490018649D /* bazooka_fire.mp3 */; };
		BCFB7AA22CF9FA4A0018649D /* end_whistle.mp3 in Resources */ = {isa = PBXBuildFile; fileRef = BCFB7A912CF9FA490018649D /* end_whistle.mp3 */; };
		BCFB7AA32CF9FA4A0018649D /* target_hit.mp3 in Resources */ = {isa = PBXBuildFile; fileRef = BCFB7A922CF9FA490018649D /* target_hit.mp3 */; };
		BCFB7AA42CF9FA4A0018649D /* target_appearance_change.mp3 in Resources */ = {isa = PBXBuildFile; fileRef = BCFB7A932CF9FA490018649D /* target_appearance_change.mp3 */; };
		BCFB7AA52CF9FA4A0018649D /* pistol_fire.mp3 in Resources */ = {isa = PBXBuildFile; fileRef = BCFB7A942CF9FA490018649D /* pistol_fire.mp3 */; };
		BCFB7AA62CF9FA4A0018649D /* pistol_out_of_bullets.mp3 in Resources */ = {isa = PBXBuildFile; fileRef = BCFB7A952CF9FA490018649D /* pistol_out_of_bullets.mp3 */; };
		BCFB7AA72CF9FA4A0018649D /* pistol_reload.mp3 in Resources */ = {isa = PBXBuildFile; fileRef = BCFB7A962CF9FA490018649D /* pistol_reload.mp3 */; };
		BCFB7AA82CF9FA4A0018649D /* pistol_appear.mp3 in Resources */ = {isa = PBXBuildFile; fileRef = BCFB7A972CF9FA490018649D /* pistol_appear.mp3 */; };
		BCFB7AA92CF9FA4A0018649D /* ranking_appear.mp3 in Resources */ = {isa = PBXBuildFile; fileRef = BCFB7A982CF9FA490018649D /* ranking_appear.mp3 */; };
		BCFB7AAA2CF9FA4A0018649D /* start_whistle.mp3 in Resources */ = {isa = PBXBuildFile; fileRef = BCFB7A992CF9FA490018649D /* start_whistle.mp3 */; };
		BCFB7AAB2CF9FA4A0018649D /* western_pistol_fire.mp3 in Resources */ = {isa = PBXBuildFile; fileRef = BCFB7A9A2CF9FA490018649D /* western_pistol_fire.mp3 */; };
		BCFB7AAF2CF9FD420018649D /* Double+Extension.swift in Sources */ = {isa = PBXBuildFile; fileRef = BCFB7AAE2CF9FD420018649D /* Double+Extension.swift */; };
		BCFB7AB12CFA04D20018649D /* GameViewModel.swift in Sources */ = {isa = PBXBuildFile; fileRef = BCFB7AB02CFA04D20018649D /* GameViewModel.swift */; };
		BCFB7AD02CFA05C90018649D /* Weapon.swift in Sources */ = {isa = PBXBuildFile; fileRef = BCFB7ABC2CFA05C80018649D /* Weapon.swift */; };
		BCFB7AD12CFA05C90018649D /* TutorialRepositoryInterface.swift in Sources */ = {isa = PBXBuildFile; fileRef = BCFB7ABE2CFA05C80018649D /* TutorialRepositoryInterface.swift */; };
		BCFB7AD22CFA05C90018649D /* WeaponRepositoryInterface.swift in Sources */ = {isa = PBXBuildFile; fileRef = BCFB7ABF2CFA05C80018649D /* WeaponRepositoryInterface.swift */; };
		BCFB7AD32CFA05C90018649D /* GameTimerCreateUseCase.swift in Sources */ = {isa = PBXBuildFile; fileRef = BCFB7AC12CFA05C80018649D /* GameTimerCreateUseCase.swift */; };
		BCFB7AD42CFA05C90018649D /* TutorialUseCase.swift in Sources */ = {isa = PBXBuildFile; fileRef = BCFB7AC22CFA05C80018649D /* TutorialUseCase.swift */; };
		BCFB7AD62CFA05C90018649D /* WeaponActionExecuteUseCase.swift in Sources */ = {isa = PBXBuildFile; fileRef = BCFB7AC42CFA05C80018649D /* WeaponActionExecuteUseCase.swift */; };
		BCFB7AD72CFA05C90018649D /* WeaponResourceGetUseCase.swift in Sources */ = {isa = PBXBuildFile; fileRef = BCFB7AC52CFA05C80018649D /* WeaponResourceGetUseCase.swift */; };
		BCFB7AD82CFA05C90018649D /* WeaponStatusCheckUseCase.swift in Sources */ = {isa = PBXBuildFile; fileRef = BCFB7AC62CFA05C80018649D /* WeaponStatusCheckUseCase.swift */; };
		BCFB7ADA2CFA05C90018649D /* TutorialRepository.swift in Sources */ = {isa = PBXBuildFile; fileRef = BCFB7ACA2CFA05C90018649D /* TutorialRepository.swift */; };
		BCFB7ADB2CFA05C90018649D /* WeaponRepository.swift in Sources */ = {isa = PBXBuildFile; fileRef = BCFB7ACB2CFA05C90018649D /* WeaponRepository.swift */; };
		BCFB7ADC2CFA05C90018649D /* CustomError.swift in Sources */ = {isa = PBXBuildFile; fileRef = BCFB7ACD2CFA05C90018649D /* CustomError.swift */; };
		BCFB7ADD2CFA05C90018649D /* WeaponDataSource.swift in Sources */ = {isa = PBXBuildFile; fileRef = BCFB7ACE2CFA05C90018649D /* WeaponDataSource.swift */; };
		BCFB7ADF2CFA063D0018649D /* UserDefaults+Extension.swift in Sources */ = {isa = PBXBuildFile; fileRef = BCFB7ADE2CFA063D0018649D /* UserDefaults+Extension.swift */; };
		BCFB7AE12CFA06870018649D /* ColorTypeConverter.swift in Sources */ = {isa = PBXBuildFile; fileRef = BCFB7AE02CFA06870018649D /* ColorTypeConverter.swift */; };
		BCFB7AE62CFA070A0018649D /* SoundType.swift in Sources */ = {isa = PBXBuildFile; fileRef = BCFB7AE42CFA070A0018649D /* SoundType.swift */; };
		BCFB7AEF2CFA07370018649D /* CurrentWeaponData.swift in Sources */ = {isa = PBXBuildFile; fileRef = BCFB7AE92CFA07370018649D /* CurrentWeaponData.swift */; };
		BCFB7AF02CFA07370018649D /* WeaponListItem.swift in Sources */ = {isa = PBXBuildFile; fileRef = BCFB7AEA2CFA07370018649D /* WeaponListItem.swift */; };
		BCFB7AF72CFA09130018649D /* RepositoryFactory.swift in Sources */ = {isa = PBXBuildFile; fileRef = BCFB7AF32CFA09120018649D /* RepositoryFactory.swift */; };
		BCFB7AF82CFA09130018649D /* UseCaseFactory.swift in Sources */ = {isa = PBXBuildFile; fileRef = BCFB7AF42CFA09120018649D /* UseCaseFactory.swift */; };
		BCFB7AFC2CFABF280018649D /* SoundPlayer.swift in Sources */ = {isa = PBXBuildFile; fileRef = BCFB7AFB2CFABF280018649D /* SoundPlayer.swift */; };
/* End PBXBuildFile section */

/* Begin PBXContainerItemProxy section */
		BCFB7A6D2CF9F6260018649D /* PBXContainerItemProxy */ = {
			isa = PBXContainerItemProxy;
			containerPortal = BCFB7A542CF9F6240018649D /* Project object */;
			proxyType = 1;
			remoteGlobalIDString = BCFB7A5B2CF9F6240018649D;
			remoteInfo = "Sample_AR-GunMan_Replace_SwiftUI";
		};
		BCFB7A772CF9F6260018649D /* PBXContainerItemProxy */ = {
			isa = PBXContainerItemProxy;
			containerPortal = BCFB7A542CF9F6240018649D /* Project object */;
			proxyType = 1;
			remoteGlobalIDString = BCFB7A5B2CF9F6240018649D;
			remoteInfo = "Sample_AR-GunMan_Replace_SwiftUI";
		};
/* End PBXContainerItemProxy section */

/* Begin PBXFileReference section */
		05C89C0F9E8B1CB79C99ABC2 /* Pods-Sample_AR-GunMan_Replace_SwiftUI.release.xcconfig */ = {isa = PBXFileReference; includeInIndex = 1; lastKnownFileType = text.xcconfig; name = "Pods-Sample_AR-GunMan_Replace_SwiftUI.release.xcconfig"; path = "Target Support Files/Pods-Sample_AR-GunMan_Replace_SwiftUI/Pods-Sample_AR-GunMan_Replace_SwiftUI.release.xcconfig"; sourceTree = "<group>"; };
		3C0A2D42C282A1BA39021E21 /* Pods_Sample_AR_GunMan_Replace_SwiftUITests.framework */ = {isa = PBXFileReference; explicitFileType = wrapper.framework; includeInIndex = 0; path = Pods_Sample_AR_GunMan_Replace_SwiftUITests.framework; sourceTree = BUILT_PRODUCTS_DIR; };
		63B1FAE55546FCEF0A338A3F /* Pods-Sample_AR-GunMan_Replace_SwiftUI-Sample_AR-GunMan_Replace_SwiftUIUITests.debug.xcconfig */ = {isa = PBXFileReference; includeInIndex = 1; lastKnownFileType = text.xcconfig; name = "Pods-Sample_AR-GunMan_Replace_SwiftUI-Sample_AR-GunMan_Replace_SwiftUIUITests.debug.xcconfig"; path = "Target Support Files/Pods-Sample_AR-GunMan_Replace_SwiftUI-Sample_AR-GunMan_Replace_SwiftUIUITests/Pods-Sample_AR-GunMan_Replace_SwiftUI-Sample_AR-GunMan_Replace_SwiftUIUITests.debug.xcconfig"; sourceTree = "<group>"; };
		76BE8E238DD4ECEE48714798 /* Pods-Sample_AR-GunMan_Replace_SwiftUITests.release.xcconfig */ = {isa = PBXFileReference; includeInIndex = 1; lastKnownFileType = text.xcconfig; name = "Pods-Sample_AR-GunMan_Replace_SwiftUITests.release.xcconfig"; path = "Target Support Files/Pods-Sample_AR-GunMan_Replace_SwiftUITests/Pods-Sample_AR-GunMan_Replace_SwiftUITests.release.xcconfig"; sourceTree = "<group>"; };
		91F90C41112BAAF05C640DD1 /* Pods-Sample_AR-GunMan_Replace_SwiftUI.debug.xcconfig */ = {isa = PBXFileReference; includeInIndex = 1; lastKnownFileType = text.xcconfig; name = "Pods-Sample_AR-GunMan_Replace_SwiftUI.debug.xcconfig"; path = "Target Support Files/Pods-Sample_AR-GunMan_Replace_SwiftUI/Pods-Sample_AR-GunMan_Replace_SwiftUI.debug.xcconfig"; sourceTree = "<group>"; };
		A446B7296F9F55517A56CE20 /* Pods_Sample_AR_GunMan_Replace_SwiftUI_Sample_AR_GunMan_Replace_SwiftUIUITests.framework */ = {isa = PBXFileReference; explicitFileType = wrapper.framework; includeInIndex = 0; path = Pods_Sample_AR_GunMan_Replace_SwiftUI_Sample_AR_GunMan_Replace_SwiftUIUITests.framework; sourceTree = BUILT_PRODUCTS_DIR; };
		AE7C0DA9E81CB0F805C19489 /* Pods_Sample_AR_GunMan_Replace_SwiftUI.framework */ = {isa = PBXFileReference; explicitFileType = wrapper.framework; includeInIndex = 0; path = Pods_Sample_AR_GunMan_Replace_SwiftUI.framework; sourceTree = BUILT_PRODUCTS_DIR; };
		BC3908B92D0F272A001AF829 /* WeaponSelectViewController.swift */ = {isa = PBXFileReference; fileEncoding = 4; lastKnownFileType = sourcecode.swift; path = WeaponSelectViewController.swift; sourceTree = "<group>"; };
		BC3908BA2D0F272A001AF829 /* WeaponSelectCell.xib */ = {isa = PBXFileReference; fileEncoding = 4; lastKnownFileType = file.xib; path = WeaponSelectCell.xib; sourceTree = "<group>"; };
		BC3908BB2D0F272A001AF829 /* WeaponSelectView.swift */ = {isa = PBXFileReference; fileEncoding = 4; lastKnownFileType = sourcecode.swift; path = WeaponSelectView.swift; sourceTree = "<group>"; };
		BC3908BC2D0F272A001AF829 /* WeaponSelectCell.swift */ = {isa = PBXFileReference; fileEncoding = 4; lastKnownFileType = sourcecode.swift; path = WeaponSelectCell.swift; sourceTree = "<group>"; };
		BC3908BD2D0F272A001AF829 /* WeaponSelectViewController.xib */ = {isa = PBXFileReference; fileEncoding = 4; lastKnownFileType = file.xib; path = WeaponSelectViewController.xib; sourceTree = "<group>"; };
		BC3908C32D0F283C001AF829 /* NSObject+Extension.swift */ = {isa = PBXFileReference; fileEncoding = 4; lastKnownFileType = sourcecode.swift; path = "NSObject+Extension.swift"; sourceTree = "<group>"; };
		BC3909452D104F04001AF829 /* Color+Extension.swift */ = {isa = PBXFileReference; lastKnownFileType = sourcecode.swift; path = "Color+Extension.swift"; sourceTree = "<group>"; };
		BC3909492D1057AF001AF829 /* TopViewModel.swift */ = {isa = PBXFileReference; lastKnownFileType = sourcecode.swift; path = TopViewModel.swift; sourceTree = "<group>"; };
		BC39094D2D10F42B001AF829 /* SettingsView.swift */ = {isa = PBXFileReference; lastKnownFileType = sourcecode.swift; path = SettingsView.swift; sourceTree = "<group>"; };
		BC39094F2D10FBA4001AF829 /* SettingsViewModel.swift */ = {isa = PBXFileReference; lastKnownFileType = sourcecode.swift; path = SettingsViewModel.swift; sourceTree = "<group>"; };
		BC469FB62D185DFE00DFA407 /* ResultView.swift */ = {isa = PBXFileReference; lastKnownFileType = sourcecode.swift; path = ResultView.swift; sourceTree = "<group>"; };
		BC469FB82D19A4C800DFA407 /* RankingView.swift */ = {isa = PBXFileReference; lastKnownFileType = sourcecode.swift; path = RankingView.swift; sourceTree = "<group>"; };
		BC469FBA2D19A5D000DFA407 /* RankingListeItem.swift */ = {isa = PBXFileReference; lastKnownFileType = sourcecode.swift; path = RankingListeItem.swift; sourceTree = "<group>"; };
		BC469FBC2D19A5DB00DFA407 /* RankingListView.swift */ = {isa = PBXFileReference; lastKnownFileType = sourcecode.swift; path = RankingListView.swift; sourceTree = "<group>"; };
		BC469FC02D1AE6E600DFA407 /* Ranking.swift */ = {isa = PBXFileReference; fileEncoding = 4; lastKnownFileType = sourcecode.swift; path = Ranking.swift; sourceTree = "<group>"; };
		BC469FC22D1B064000DFA407 /* RankingViewModel.swift */ = {isa = PBXFileReference; lastKnownFileType = sourcecode.swift; path = RankingViewModel.swift; sourceTree = "<group>"; };
		BC469FC42D1B105A00DFA407 /* SafariViewControllerRepresentable.swift */ = {isa = PBXFileReference; lastKnownFileType = sourcecode.swift; path = SafariViewControllerRepresentable.swift; sourceTree = "<group>"; };
		BC469FC62D2FA61200DFA407 /* ResultViewModel.swift */ = {isa = PBXFileReference; lastKnownFileType = sourcecode.swift; path = ResultViewModel.swift; sourceTree = "<group>"; };
		BC79D47F2D142ED9008D4D8B /* TopViewFactory.swift */ = {isa = PBXFileReference; lastKnownFileType = sourcecode.swift; path = TopViewFactory.swift; sourceTree = "<group>"; };
		BC79D4812D142F74008D4D8B /* GameViewFactory.swift */ = {isa = PBXFileReference; lastKnownFileType = sourcecode.swift; path = GameViewFactory.swift; sourceTree = "<group>"; };
		BC79D4832D142FBB008D4D8B /* SettingsViewFactory.swift */ = {isa = PBXFileReference; lastKnownFileType = sourcecode.swift; path = SettingsViewFactory.swift; sourceTree = "<group>"; };
		BC79D4852D1432CC008D4D8B /* WeaponSelectViewModel.swift */ = {isa = PBXFileReference; lastKnownFileType = sourcecode.swift; path = WeaponSelectViewModel.swift; sourceTree = "<group>"; };
		BC79D4872D143867008D4D8B /* WeaponSelectViewFactory.swift */ = {isa = PBXFileReference; lastKnownFileType = sourcecode.swift; path = WeaponSelectViewFactory.swift; sourceTree = "<group>"; };
		BC7CAC952D17C938009E6D31 /* CustomModalPresenter.swift */ = {isa = PBXFileReference; lastKnownFileType = sourcecode.swift; path = CustomModalPresenter.swift; sourceTree = "<group>"; };
		BC7CAC972D1827A5009E6D31 /* UIBlurEffectViewRepresentable.swift */ = {isa = PBXFileReference; lastKnownFileType = sourcecode.swift; path = UIBlurEffectViewRepresentable.swift; sourceTree = "<group>"; };
		BC8935AF2D17983000E59C78 /* StopMotionAnimationView.swift */ = {isa = PBXFileReference; lastKnownFileType = sourcecode.swift; path = StopMotionAnimationView.swift; sourceTree = "<group>"; };
		BCACEDD32D11D26E009F9D18 /* ARShooting */ = {isa = PBXFileReference; lastKnownFileType = wrapper; path = ARShooting; sourceTree = "<group>"; };
		BCB2B01F2D124344001EE755 /* WeaponControlMotion */ = {isa = PBXFileReference; lastKnownFileType = wrapper; path = WeaponControlMotion; sourceTree = "<group>"; };
		BCB765EA2D2FC6CA00BF7CDD /* NameRegisterView.swift */ = {isa = PBXFileReference; lastKnownFileType = sourcecode.swift; path = NameRegisterView.swift; sourceTree = "<group>"; };
		BCB765EC2D2FC6E900BF7CDD /* NameRegisterViewModel.swift */ = {isa = PBXFileReference; lastKnownFileType = sourcecode.swift; path = NameRegisterViewModel.swift; sourceTree = "<group>"; };
		BCB765EE2D312A1F00BF7CDD /* RankingRepository.swift */ = {isa = PBXFileReference; lastKnownFileType = sourcecode.swift; path = RankingRepository.swift; sourceTree = "<group>"; };
		BCB765F02D312B9900BF7CDD /* RankingRepositoryInterface.swift */ = {isa = PBXFileReference; lastKnownFileType = sourcecode.swift; path = RankingRepositoryInterface.swift; sourceTree = "<group>"; };
		BCB765F22D312C5500BF7CDD /* RankingRepositoryStub.swift */ = {isa = PBXFileReference; lastKnownFileType = sourcecode.swift; path = RankingRepositoryStub.swift; sourceTree = "<group>"; };
		BCEA71FB2D16C22C006BEA65 /* PermissionRepository.swift */ = {isa = PBXFileReference; lastKnownFileType = sourcecode.swift; path = PermissionRepository.swift; sourceTree = "<group>"; };
		BCEA71FD2D16C254006BEA65 /* PermissionRepositoryInterface.swift */ = {isa = PBXFileReference; lastKnownFileType = sourcecode.swift; path = PermissionRepositoryInterface.swift; sourceTree = "<group>"; };
		BCEA71FF2D16C547006BEA65 /* CameraUsagePermissionHandlingUseCase.swift */ = {isa = PBXFileReference; lastKnownFileType = sourcecode.swift; path = CameraUsagePermissionHandlingUseCase.swift; sourceTree = "<group>"; };
		BCEA72012D16E28D006BEA65 /* TutorialView.swift */ = {isa = PBXFileReference; lastKnownFileType = sourcecode.swift; path = TutorialView.swift; sourceTree = "<group>"; };
		BCEA72032D16E32E006BEA65 /* ContentFrameTrackableScrollView.swift */ = {isa = PBXFileReference; fileEncoding = 4; lastKnownFileType = sourcecode.swift; path = ContentFrameTrackableScrollView.swift; sourceTree = "<group>"; };
		BCEA72052D16EEF9006BEA65 /* TutorialScrollViewItem.swift */ = {isa = PBXFileReference; lastKnownFileType = sourcecode.swift; path = TutorialScrollViewItem.swift; sourceTree = "<group>"; };
		BCEA72072D16F710006BEA65 /* CenterPreviewView.swift */ = {isa = PBXFileReference; lastKnownFileType = sourcecode.swift; path = CenterPreviewView.swift; sourceTree = "<group>"; };
		BCEA720A2D16F834006BEA65 /* TutorialConst.swift */ = {isa = PBXFileReference; lastKnownFileType = sourcecode.swift; path = TutorialConst.swift; sourceTree = "<group>"; };
		BCEA720C2D1708F2006BEA65 /* TutorialViewModel.swift */ = {isa = PBXFileReference; lastKnownFileType = sourcecode.swift; path = TutorialViewModel.swift; sourceTree = "<group>"; };
		BCFB7A5C2CF9F6240018649D /* Sample_AR-GunMan_Replace_SwiftUI.app */ = {isa = PBXFileReference; explicitFileType = wrapper.application; includeInIndex = 0; path = "Sample_AR-GunMan_Replace_SwiftUI.app"; sourceTree = BUILT_PRODUCTS_DIR; };
		BCFB7A5F2CF9F6240018649D /* Sample_AR_GunMan_Replace_SwiftUIApp.swift */ = {isa = PBXFileReference; lastKnownFileType = sourcecode.swift; path = Sample_AR_GunMan_Replace_SwiftUIApp.swift; sourceTree = "<group>"; };
		BCFB7A632CF9F6250018649D /* Assets.xcassets */ = {isa = PBXFileReference; lastKnownFileType = folder.assetcatalog; path = Assets.xcassets; sourceTree = "<group>"; };
		BCFB7A662CF9F6250018649D /* Preview Assets.xcassets */ = {isa = PBXFileReference; lastKnownFileType = folder.assetcatalog; path = "Preview Assets.xcassets"; sourceTree = "<group>"; };
		BCFB7A6C2CF9F6260018649D /* Sample_AR-GunMan_Replace_SwiftUITests.xctest */ = {isa = PBXFileReference; explicitFileType = wrapper.cfbundle; includeInIndex = 0; path = "Sample_AR-GunMan_Replace_SwiftUITests.xctest"; sourceTree = BUILT_PRODUCTS_DIR; };
		BCFB7A702CF9F6260018649D /* Sample_AR_GunMan_Replace_SwiftUITests.swift */ = {isa = PBXFileReference; lastKnownFileType = sourcecode.swift; path = Sample_AR_GunMan_Replace_SwiftUITests.swift; sourceTree = "<group>"; };
		BCFB7A762CF9F6260018649D /* Sample_AR-GunMan_Replace_SwiftUIUITests.xctest */ = {isa = PBXFileReference; explicitFileType = wrapper.cfbundle; includeInIndex = 0; path = "Sample_AR-GunMan_Replace_SwiftUIUITests.xctest"; sourceTree = BUILT_PRODUCTS_DIR; };
		BCFB7A7A2CF9F6260018649D /* Sample_AR_GunMan_Replace_SwiftUIUITests.swift */ = {isa = PBXFileReference; lastKnownFileType = sourcecode.swift; path = Sample_AR_GunMan_Replace_SwiftUIUITests.swift; sourceTree = "<group>"; };
		BCFB7A7C2CF9F6260018649D /* Sample_AR_GunMan_Replace_SwiftUIUITestsLaunchTests.swift */ = {isa = PBXFileReference; lastKnownFileType = sourcecode.swift; path = Sample_AR_GunMan_Replace_SwiftUIUITestsLaunchTests.swift; sourceTree = "<group>"; };
		BCFB7A892CF9F70E0018649D /* TopView.swift */ = {isa = PBXFileReference; lastKnownFileType = sourcecode.swift; path = TopView.swift; sourceTree = "<group>"; };
		BCFB7A8B2CF9FA0F0018649D /* GameView.swift */ = {isa = PBXFileReference; lastKnownFileType = sourcecode.swift; path = GameView.swift; sourceTree = "<group>"; };
		BCFB7A8D2CF9FA490018649D /* bazooka_explosion.mp3 */ = {isa = PBXFileReference; lastKnownFileType = audio.mp3; path = bazooka_explosion.mp3; sourceTree = "<group>"; };
		BCFB7A8E2CF9FA490018649D /* bazooka_reload.mp3 */ = {isa = PBXFileReference; lastKnownFileType = audio.mp3; path = bazooka_reload.mp3; sourceTree = "<group>"; };
		BCFB7A8F2CF9FA490018649D /* bazooka_appear.mp3 */ = {isa = PBXFileReference; lastKnownFileType = audio.mp3; path = bazooka_appear.mp3; sourceTree = "<group>"; };
		BCFB7A902CF9FA490018649D /* bazooka_fire.mp3 */ = {isa = PBXFileReference; lastKnownFileType = audio.mp3; path = bazooka_fire.mp3; sourceTree = "<group>"; };
		BCFB7A912CF9FA490018649D /* end_whistle.mp3 */ = {isa = PBXFileReference; lastKnownFileType = audio.mp3; path = end_whistle.mp3; sourceTree = "<group>"; };
		BCFB7A922CF9FA490018649D /* target_hit.mp3 */ = {isa = PBXFileReference; lastKnownFileType = audio.mp3; path = target_hit.mp3; sourceTree = "<group>"; };
		BCFB7A932CF9FA490018649D /* target_appearance_change.mp3 */ = {isa = PBXFileReference; lastKnownFileType = audio.mp3; path = target_appearance_change.mp3; sourceTree = "<group>"; };
		BCFB7A942CF9FA490018649D /* pistol_fire.mp3 */ = {isa = PBXFileReference; lastKnownFileType = audio.mp3; path = pistol_fire.mp3; sourceTree = "<group>"; };
		BCFB7A952CF9FA490018649D /* pistol_out_of_bullets.mp3 */ = {isa = PBXFileReference; lastKnownFileType = audio.mp3; path = pistol_out_of_bullets.mp3; sourceTree = "<group>"; };
		BCFB7A962CF9FA490018649D /* pistol_reload.mp3 */ = {isa = PBXFileReference; lastKnownFileType = audio.mp3; path = pistol_reload.mp3; sourceTree = "<group>"; };
		BCFB7A972CF9FA490018649D /* pistol_appear.mp3 */ = {isa = PBXFileReference; lastKnownFileType = audio.mp3; path = pistol_appear.mp3; sourceTree = "<group>"; };
		BCFB7A982CF9FA490018649D /* ranking_appear.mp3 */ = {isa = PBXFileReference; lastKnownFileType = audio.mp3; path = ranking_appear.mp3; sourceTree = "<group>"; };
		BCFB7A992CF9FA490018649D /* start_whistle.mp3 */ = {isa = PBXFileReference; lastKnownFileType = audio.mp3; path = start_whistle.mp3; sourceTree = "<group>"; };
		BCFB7A9A2CF9FA490018649D /* western_pistol_fire.mp3 */ = {isa = PBXFileReference; lastKnownFileType = audio.mp3; path = western_pistol_fire.mp3; sourceTree = "<group>"; };
		BCFB7AAE2CF9FD420018649D /* Double+Extension.swift */ = {isa = PBXFileReference; fileEncoding = 4; lastKnownFileType = sourcecode.swift; path = "Double+Extension.swift"; sourceTree = "<group>"; };
		BCFB7AB02CFA04D20018649D /* GameViewModel.swift */ = {isa = PBXFileReference; lastKnownFileType = sourcecode.swift; path = GameViewModel.swift; sourceTree = "<group>"; };
		BCFB7ABC2CFA05C80018649D /* Weapon.swift */ = {isa = PBXFileReference; fileEncoding = 4; lastKnownFileType = sourcecode.swift; path = Weapon.swift; sourceTree = "<group>"; };
		BCFB7ABE2CFA05C80018649D /* TutorialRepositoryInterface.swift */ = {isa = PBXFileReference; fileEncoding = 4; lastKnownFileType = sourcecode.swift; path = TutorialRepositoryInterface.swift; sourceTree = "<group>"; };
		BCFB7ABF2CFA05C80018649D /* WeaponRepositoryInterface.swift */ = {isa = PBXFileReference; fileEncoding = 4; lastKnownFileType = sourcecode.swift; path = WeaponRepositoryInterface.swift; sourceTree = "<group>"; };
		BCFB7AC12CFA05C80018649D /* GameTimerCreateUseCase.swift */ = {isa = PBXFileReference; fileEncoding = 4; lastKnownFileType = sourcecode.swift; path = GameTimerCreateUseCase.swift; sourceTree = "<group>"; };
		BCFB7AC22CFA05C80018649D /* TutorialUseCase.swift */ = {isa = PBXFileReference; fileEncoding = 4; lastKnownFileType = sourcecode.swift; path = TutorialUseCase.swift; sourceTree = "<group>"; };
		BCFB7AC42CFA05C80018649D /* WeaponActionExecuteUseCase.swift */ = {isa = PBXFileReference; fileEncoding = 4; lastKnownFileType = sourcecode.swift; path = WeaponActionExecuteUseCase.swift; sourceTree = "<group>"; };
		BCFB7AC52CFA05C80018649D /* WeaponResourceGetUseCase.swift */ = {isa = PBXFileReference; fileEncoding = 4; lastKnownFileType = sourcecode.swift; path = WeaponResourceGetUseCase.swift; sourceTree = "<group>"; };
		BCFB7AC62CFA05C80018649D /* WeaponStatusCheckUseCase.swift */ = {isa = PBXFileReference; fileEncoding = 4; lastKnownFileType = sourcecode.swift; path = WeaponStatusCheckUseCase.swift; sourceTree = "<group>"; };
		BCFB7ACA2CFA05C90018649D /* TutorialRepository.swift */ = {isa = PBXFileReference; fileEncoding = 4; lastKnownFileType = sourcecode.swift; path = TutorialRepository.swift; sourceTree = "<group>"; };
		BCFB7ACB2CFA05C90018649D /* WeaponRepository.swift */ = {isa = PBXFileReference; fileEncoding = 4; lastKnownFileType = sourcecode.swift; path = WeaponRepository.swift; sourceTree = "<group>"; };
		BCFB7ACD2CFA05C90018649D /* CustomError.swift */ = {isa = PBXFileReference; fileEncoding = 4; lastKnownFileType = sourcecode.swift; path = CustomError.swift; sourceTree = "<group>"; };
		BCFB7ACE2CFA05C90018649D /* WeaponDataSource.swift */ = {isa = PBXFileReference; fileEncoding = 4; lastKnownFileType = sourcecode.swift; path = WeaponDataSource.swift; sourceTree = "<group>"; };
		BCFB7ADE2CFA063D0018649D /* UserDefaults+Extension.swift */ = {isa = PBXFileReference; fileEncoding = 4; lastKnownFileType = sourcecode.swift; path = "UserDefaults+Extension.swift"; sourceTree = "<group>"; };
		BCFB7AE02CFA06870018649D /* ColorTypeConverter.swift */ = {isa = PBXFileReference; fileEncoding = 4; lastKnownFileType = sourcecode.swift; path = ColorTypeConverter.swift; sourceTree = "<group>"; };
		BCFB7AE42CFA070A0018649D /* SoundType.swift */ = {isa = PBXFileReference; fileEncoding = 4; lastKnownFileType = sourcecode.swift; path = SoundType.swift; sourceTree = "<group>"; };
		BCFB7AE92CFA07370018649D /* CurrentWeaponData.swift */ = {isa = PBXFileReference; fileEncoding = 4; lastKnownFileType = sourcecode.swift; path = CurrentWeaponData.swift; sourceTree = "<group>"; };
		BCFB7AEA2CFA07370018649D /* WeaponListItem.swift */ = {isa = PBXFileReference; fileEncoding = 4; lastKnownFileType = sourcecode.swift; path = WeaponListItem.swift; sourceTree = "<group>"; };
		BCFB7AF32CFA09120018649D /* RepositoryFactory.swift */ = {isa = PBXFileReference; fileEncoding = 4; lastKnownFileType = sourcecode.swift; path = RepositoryFactory.swift; sourceTree = "<group>"; };
		BCFB7AF42CFA09120018649D /* UseCaseFactory.swift */ = {isa = PBXFileReference; fileEncoding = 4; lastKnownFileType = sourcecode.swift; path = UseCaseFactory.swift; sourceTree = "<group>"; };
		BCFB7AFB2CFABF280018649D /* SoundPlayer.swift */ = {isa = PBXFileReference; fileEncoding = 4; lastKnownFileType = sourcecode.swift; path = SoundPlayer.swift; sourceTree = "<group>"; };
		EC64B239A8FF50D412E15E14 /* Pods-Sample_AR-GunMan_Replace_SwiftUITests.debug.xcconfig */ = {isa = PBXFileReference; includeInIndex = 1; lastKnownFileType = text.xcconfig; name = "Pods-Sample_AR-GunMan_Replace_SwiftUITests.debug.xcconfig"; path = "Target Support Files/Pods-Sample_AR-GunMan_Replace_SwiftUITests/Pods-Sample_AR-GunMan_Replace_SwiftUITests.debug.xcconfig"; sourceTree = "<group>"; };
		F8F83A5FA1150770175ECC64 /* Pods-Sample_AR-GunMan_Replace_SwiftUI-Sample_AR-GunMan_Replace_SwiftUIUITests.release.xcconfig */ = {isa = PBXFileReference; includeInIndex = 1; lastKnownFileType = text.xcconfig; name = "Pods-Sample_AR-GunMan_Replace_SwiftUI-Sample_AR-GunMan_Replace_SwiftUIUITests.release.xcconfig"; path = "Target Support Files/Pods-Sample_AR-GunMan_Replace_SwiftUI-Sample_AR-GunMan_Replace_SwiftUIUITests/Pods-Sample_AR-GunMan_Replace_SwiftUI-Sample_AR-GunMan_Replace_SwiftUIUITests.release.xcconfig"; sourceTree = "<group>"; };
/* End PBXFileReference section */

/* Begin PBXFrameworksBuildPhase section */
		BCFB7A592CF9F6240018649D /* Frameworks */ = {
			isa = PBXFrameworksBuildPhase;
			buildActionMask = 2147483647;
			files = (
				BCB2B0212D1247DA001EE755 /* WeaponControlMotion in Frameworks */,
				BC277D022D145E5E00A56324 /* ARShooting in Frameworks */,
				B0CDC43A50AAD1913A8DBCC6 /* Pods_Sample_AR_GunMan_Replace_SwiftUI.framework in Frameworks */,
			);
			runOnlyForDeploymentPostprocessing = 0;
		};
		BCFB7A692CF9F6260018649D /* Frameworks */ = {
			isa = PBXFrameworksBuildPhase;
			buildActionMask = 2147483647;
			files = (
				B43470AD20B0569B779EE7D0 /* Pods_Sample_AR_GunMan_Replace_SwiftUITests.framework in Frameworks */,
			);
			runOnlyForDeploymentPostprocessing = 0;
		};
		BCFB7A732CF9F6260018649D /* Frameworks */ = {
			isa = PBXFrameworksBuildPhase;
			buildActionMask = 2147483647;
			files = (
				BA663FF8FEFA4C1253172AD0 /* Pods_Sample_AR_GunMan_Replace_SwiftUI_Sample_AR_GunMan_Replace_SwiftUIUITests.framework in Frameworks */,
			);
			runOnlyForDeploymentPostprocessing = 0;
		};
/* End PBXFrameworksBuildPhase section */

/* Begin PBXGroup section */
		419F0BB0909C22876023204C /* Pods */ = {
			isa = PBXGroup;
			children = (
				91F90C41112BAAF05C640DD1 /* Pods-Sample_AR-GunMan_Replace_SwiftUI.debug.xcconfig */,
				05C89C0F9E8B1CB79C99ABC2 /* Pods-Sample_AR-GunMan_Replace_SwiftUI.release.xcconfig */,
				63B1FAE55546FCEF0A338A3F /* Pods-Sample_AR-GunMan_Replace_SwiftUI-Sample_AR-GunMan_Replace_SwiftUIUITests.debug.xcconfig */,
				F8F83A5FA1150770175ECC64 /* Pods-Sample_AR-GunMan_Replace_SwiftUI-Sample_AR-GunMan_Replace_SwiftUIUITests.release.xcconfig */,
				EC64B239A8FF50D412E15E14 /* Pods-Sample_AR-GunMan_Replace_SwiftUITests.debug.xcconfig */,
				76BE8E238DD4ECEE48714798 /* Pods-Sample_AR-GunMan_Replace_SwiftUITests.release.xcconfig */,
			);
			path = Pods;
			sourceTree = "<group>";
		};
		4F7DAF408D5E5427CC7AE061 /* Frameworks */ = {
			isa = PBXGroup;
			children = (
				AE7C0DA9E81CB0F805C19489 /* Pods_Sample_AR_GunMan_Replace_SwiftUI.framework */,
				A446B7296F9F55517A56CE20 /* Pods_Sample_AR_GunMan_Replace_SwiftUI_Sample_AR_GunMan_Replace_SwiftUIUITests.framework */,
				3C0A2D42C282A1BA39021E21 /* Pods_Sample_AR_GunMan_Replace_SwiftUITests.framework */,
			);
			name = Frameworks;
			sourceTree = "<group>";
		};
		BC3908C52D0FA03B001AF829 /* Common */ = {
			isa = PBXGroup;
			children = (
				BCFB7AFB2CFABF280018649D /* SoundPlayer.swift */,
				BCEA72032D16E32E006BEA65 /* ContentFrameTrackableScrollView.swift */,
				BCEA72072D16F710006BEA65 /* CenterPreviewView.swift */,
				BC8935AF2D17983000E59C78 /* StopMotionAnimationView.swift */,
				BC7CAC952D17C938009E6D31 /* CustomModalPresenter.swift */,
				BC7CAC972D1827A5009E6D31 /* UIBlurEffectViewRepresentable.swift */,
				BC469FC42D1B105A00DFA407 /* SafariViewControllerRepresentable.swift */,
			);
			path = Common;
			sourceTree = "<group>";
		};
		BC39094B2D107830001AF829 /* Tutorial */ = {
			isa = PBXGroup;
			children = (
				BCEA720C2D1708F2006BEA65 /* TutorialViewModel.swift */,
				BCEA72012D16E28D006BEA65 /* TutorialView.swift */,
				BCEA72052D16EEF9006BEA65 /* TutorialScrollViewItem.swift */,
				BCEA720A2D16F834006BEA65 /* TutorialConst.swift */,
			);
			path = Tutorial;
			sourceTree = "<group>";
		};
		BC39094C2D107837001AF829 /* Settings */ = {
			isa = PBXGroup;
			children = (
				BC39094F2D10FBA4001AF829 /* SettingsViewModel.swift */,
				BC39094D2D10F42B001AF829 /* SettingsView.swift */,
				BC79D4832D142FBB008D4D8B /* SettingsViewFactory.swift */,
			);
			path = Settings;
			sourceTree = "<group>";
		};
		BC469FB42D185DE400DFA407 /* Result */ = {
			isa = PBXGroup;
			children = (
				BC469FC62D2FA61200DFA407 /* ResultViewModel.swift */,
				BC469FB62D185DFE00DFA407 /* ResultView.swift */,
			);
			path = Result;
			sourceTree = "<group>";
		};
		BC469FB52D185DED00DFA407 /* Ranking */ = {
			isa = PBXGroup;
			children = (
				BC469FC22D1B064000DFA407 /* RankingViewModel.swift */,
				BC469FB82D19A4C800DFA407 /* RankingView.swift */,
				BC469FBA2D19A5D000DFA407 /* RankingListeItem.swift */,
				BC469FBC2D19A5DB00DFA407 /* RankingListView.swift */,
			);
			path = Ranking;
			sourceTree = "<group>";
		};
		BCB765E92D2FC69A00BF7CDD /* NameRegister */ = {
			isa = PBXGroup;
			children = (
				BCB765EC2D2FC6E900BF7CDD /* NameRegisterViewModel.swift */,
				BCB765EA2D2FC6CA00BF7CDD /* NameRegisterView.swift */,
			);
			path = NameRegister;
			sourceTree = "<group>";
		};
		BCE325542D0F15B0001B3955 /* Top */ = {
			isa = PBXGroup;
			children = (
				BC3909492D1057AF001AF829 /* TopViewModel.swift */,
				BCFB7A892CF9F70E0018649D /* TopView.swift */,
				BC79D47F2D142ED9008D4D8B /* TopViewFactory.swift */,
			);
			path = Top;
			sourceTree = "<group>";
		};
		BCE325552D0F15B6001B3955 /* WeaponSelect */ = {
			isa = PBXGroup;
			children = (
				BC79D4852D1432CC008D4D8B /* WeaponSelectViewModel.swift */,
				BC3908BB2D0F272A001AF829 /* WeaponSelectView.swift */,
				BC3908B92D0F272A001AF829 /* WeaponSelectViewController.swift */,
				BC79D4872D143867008D4D8B /* WeaponSelectViewFactory.swift */,
				BC3908BD2D0F272A001AF829 /* WeaponSelectViewController.xib */,
				BC3908BC2D0F272A001AF829 /* WeaponSelectCell.swift */,
				BC3908BA2D0F272A001AF829 /* WeaponSelectCell.xib */,
			);
			path = WeaponSelect;
			sourceTree = "<group>";
		};
		BCE325562D0F15BF001B3955 /* Game */ = {
			isa = PBXGroup;
			children = (
				BCFB7AB02CFA04D20018649D /* GameViewModel.swift */,
				BCFB7A8B2CF9FA0F0018649D /* GameView.swift */,
				BC79D4812D142F74008D4D8B /* GameViewFactory.swift */,
			);
			path = Game;
			sourceTree = "<group>";
		};
		BCFB7A532CF9F6240018649D = {
			isa = PBXGroup;
			children = (
				BCACEDD32D11D26E009F9D18 /* ARShooting */,
				BCB2B01F2D124344001EE755 /* WeaponControlMotion */,
				BCFB7A5E2CF9F6240018649D /* Sample_AR-GunMan_Replace_SwiftUI */,
				BCFB7A6F2CF9F6260018649D /* Sample_AR-GunMan_Replace_SwiftUITests */,
				BCFB7A792CF9F6260018649D /* Sample_AR-GunMan_Replace_SwiftUIUITests */,
				BCFB7A5D2CF9F6240018649D /* Products */,
				419F0BB0909C22876023204C /* Pods */,
				4F7DAF408D5E5427CC7AE061 /* Frameworks */,
			);
			sourceTree = "<group>";
		};
		BCFB7A5D2CF9F6240018649D /* Products */ = {
			isa = PBXGroup;
			children = (
				BCFB7A5C2CF9F6240018649D /* Sample_AR-GunMan_Replace_SwiftUI.app */,
				BCFB7A6C2CF9F6260018649D /* Sample_AR-GunMan_Replace_SwiftUITests.xctest */,
				BCFB7A762CF9F6260018649D /* Sample_AR-GunMan_Replace_SwiftUIUITests.xctest */,
			);
			name = Products;
			sourceTree = "<group>";
		};
		BCFB7A5E2CF9F6240018649D /* Sample_AR-GunMan_Replace_SwiftUI */ = {
			isa = PBXGroup;
			children = (
				BCFB7A5F2CF9F6240018649D /* Sample_AR_GunMan_Replace_SwiftUIApp.swift */,
				BCFB7AF52CFA09120018649D /* Factories */,
				BCFB7ACF2CFA05C90018649D /* Data */,
				BCFB7AC82CFA05C80018649D /* Domain */,
				BCFB7AFD2CFAC17D0018649D /* Presentation */,
				BCFB7AAD2CF9FD360018649D /* Extensions */,
				BCFB7AE22CFA068B0018649D /* Utilities */,
				BCFB7A632CF9F6250018649D /* Assets.xcassets */,
				BCFB7A9C2CF9FA490018649D /* Resources */,
				BCFB7A652CF9F6250018649D /* Preview Content */,
			);
			path = "Sample_AR-GunMan_Replace_SwiftUI";
			sourceTree = "<group>";
		};
		BCFB7A652CF9F6250018649D /* Preview Content */ = {
			isa = PBXGroup;
			children = (
				BCFB7A662CF9F6250018649D /* Preview Assets.xcassets */,
			);
			path = "Preview Content";
			sourceTree = "<group>";
		};
		BCFB7A6F2CF9F6260018649D /* Sample_AR-GunMan_Replace_SwiftUITests */ = {
			isa = PBXGroup;
			children = (
				BCFB7A702CF9F6260018649D /* Sample_AR_GunMan_Replace_SwiftUITests.swift */,
			);
			path = "Sample_AR-GunMan_Replace_SwiftUITests";
			sourceTree = "<group>";
		};
		BCFB7A792CF9F6260018649D /* Sample_AR-GunMan_Replace_SwiftUIUITests */ = {
			isa = PBXGroup;
			children = (
				BCFB7A7A2CF9F6260018649D /* Sample_AR_GunMan_Replace_SwiftUIUITests.swift */,
				BCFB7A7C2CF9F6260018649D /* Sample_AR_GunMan_Replace_SwiftUIUITestsLaunchTests.swift */,
			);
			path = "Sample_AR-GunMan_Replace_SwiftUIUITests";
			sourceTree = "<group>";
		};
		BCFB7A9B2CF9FA490018649D /* mp3 */ = {
			isa = PBXGroup;
			children = (
				BCFB7A8D2CF9FA490018649D /* bazooka_explosion.mp3 */,
				BCFB7A8E2CF9FA490018649D /* bazooka_reload.mp3 */,
				BCFB7A8F2CF9FA490018649D /* bazooka_appear.mp3 */,
				BCFB7A902CF9FA490018649D /* bazooka_fire.mp3 */,
				BCFB7A912CF9FA490018649D /* end_whistle.mp3 */,
				BCFB7A922CF9FA490018649D /* target_hit.mp3 */,
				BCFB7A932CF9FA490018649D /* target_appearance_change.mp3 */,
				BCFB7A942CF9FA490018649D /* pistol_fire.mp3 */,
				BCFB7A952CF9FA490018649D /* pistol_out_of_bullets.mp3 */,
				BCFB7A962CF9FA490018649D /* pistol_reload.mp3 */,
				BCFB7A972CF9FA490018649D /* pistol_appear.mp3 */,
				BCFB7A982CF9FA490018649D /* ranking_appear.mp3 */,
				BCFB7A992CF9FA490018649D /* start_whistle.mp3 */,
				BCFB7A9A2CF9FA490018649D /* western_pistol_fire.mp3 */,
			);
			path = mp3;
			sourceTree = "<group>";
		};
		BCFB7A9C2CF9FA490018649D /* Resources */ = {
			isa = PBXGroup;
			children = (
				BCFB7A9B2CF9FA490018649D /* mp3 */,
			);
			path = Resources;
			sourceTree = "<group>";
		};
		BCFB7AAD2CF9FD360018649D /* Extensions */ = {
			isa = PBXGroup;
			children = (
				BC3909452D104F04001AF829 /* Color+Extension.swift */,
				BCFB7ADE2CFA063D0018649D /* UserDefaults+Extension.swift */,
				BCFB7AAE2CF9FD420018649D /* Double+Extension.swift */,
				BC3908C32D0F283C001AF829 /* NSObject+Extension.swift */,
			);
			path = Extensions;
			sourceTree = "<group>";
		};
		BCFB7ABD2CFA05C80018649D /* Entities */ = {
			isa = PBXGroup;
			children = (
				BC469FC02D1AE6E600DFA407 /* Ranking.swift */,
				BCFB7AE42CFA070A0018649D /* SoundType.swift */,
				BCFB7ABC2CFA05C80018649D /* Weapon.swift */,
			);
			path = Entities;
			sourceTree = "<group>";
		};
		BCFB7AC02CFA05C80018649D /* RepositoryInterfaces */ = {
			isa = PBXGroup;
			children = (
				BCFB7ABE2CFA05C80018649D /* TutorialRepositoryInterface.swift */,
				BCFB7ABF2CFA05C80018649D /* WeaponRepositoryInterface.swift */,
				BCEA71FD2D16C254006BEA65 /* PermissionRepositoryInterface.swift */,
				BCB765F02D312B9900BF7CDD /* RankingRepositoryInterface.swift */,
			);
			path = RepositoryInterfaces;
			sourceTree = "<group>";
		};
		BCFB7AC72CFA05C80018649D /* UseCases */ = {
			isa = PBXGroup;
			children = (
				BCFB7AC12CFA05C80018649D /* GameTimerCreateUseCase.swift */,
				BCFB7AC22CFA05C80018649D /* TutorialUseCase.swift */,
				BCFB7AC42CFA05C80018649D /* WeaponActionExecuteUseCase.swift */,
				BCFB7AC52CFA05C80018649D /* WeaponResourceGetUseCase.swift */,
				BCFB7AC62CFA05C80018649D /* WeaponStatusCheckUseCase.swift */,
				BCEA71FF2D16C547006BEA65 /* CameraUsagePermissionHandlingUseCase.swift */,
			);
			path = UseCases;
			sourceTree = "<group>";
		};
		BCFB7AC82CFA05C80018649D /* Domain */ = {
			isa = PBXGroup;
			children = (
				BCFB7AEC2CFA07370018649D /* DataModels */,
				BCFB7ABD2CFA05C80018649D /* Entities */,
				BCFB7AC02CFA05C80018649D /* RepositoryInterfaces */,
				BCFB7AC72CFA05C80018649D /* UseCases */,
			);
			path = Domain;
			sourceTree = "<group>";
		};
		BCFB7ACC2CFA05C90018649D /* Repositories */ = {
			isa = PBXGroup;
			children = (
				BCFB7ACA2CFA05C90018649D /* TutorialRepository.swift */,
				BCFB7ACB2CFA05C90018649D /* WeaponRepository.swift */,
				BCEA71FB2D16C22C006BEA65 /* PermissionRepository.swift */,
				BCB765EE2D312A1F00BF7CDD /* RankingRepository.swift */,
				BCB765F22D312C5500BF7CDD /* RankingRepositoryStub.swift */,
			);
			path = Repositories;
			sourceTree = "<group>";
		};
		BCFB7ACF2CFA05C90018649D /* Data */ = {
			isa = PBXGroup;
			children = (
				BCFB7ACC2CFA05C90018649D /* Repositories */,
				BCFB7ACD2CFA05C90018649D /* CustomError.swift */,
				BCFB7ACE2CFA05C90018649D /* WeaponDataSource.swift */,
			);
			path = Data;
			sourceTree = "<group>";
		};
		BCFB7AE22CFA068B0018649D /* Utilities */ = {
			isa = PBXGroup;
			children = (
				BCFB7AE02CFA06870018649D /* ColorTypeConverter.swift */,
			);
			path = Utilities;
			sourceTree = "<group>";
		};
		BCFB7AEC2CFA07370018649D /* DataModels */ = {
			isa = PBXGroup;
			children = (
				BCFB7AE92CFA07370018649D /* CurrentWeaponData.swift */,
				BCFB7AEA2CFA07370018649D /* WeaponListItem.swift */,
			);
			path = DataModels;
			sourceTree = "<group>";
		};
		BCFB7AF52CFA09120018649D /* Factories */ = {
			isa = PBXGroup;
			children = (
				BCFB7AF32CFA09120018649D /* RepositoryFactory.swift */,
				BCFB7AF42CFA09120018649D /* UseCaseFactory.swift */,
			);
			path = Factories;
			sourceTree = "<group>";
		};
		BCFB7AFD2CFAC17D0018649D /* Presentation */ = {
			isa = PBXGroup;
			children = (
				BCE325542D0F15B0001B3955 /* Top */,
				BCE325562D0F15BF001B3955 /* Game */,
				BC39094C2D107837001AF829 /* Settings */,
				BC39094B2D107830001AF829 /* Tutorial */,
				BCE325552D0F15B6001B3955 /* WeaponSelect */,
				BC469FB42D185DE400DFA407 /* Result */,
				BCB765E92D2FC69A00BF7CDD /* NameRegister */,
				BC469FB52D185DED00DFA407 /* Ranking */,
				BC3908C52D0FA03B001AF829 /* Common */,
			);
			path = Presentation;
			sourceTree = "<group>";
		};
/* End PBXGroup section */

/* Begin PBXNativeTarget section */
		BCFB7A5B2CF9F6240018649D /* Sample_AR-GunMan_Replace_SwiftUI */ = {
			isa = PBXNativeTarget;
			buildConfigurationList = BCFB7A802CF9F6260018649D /* Build configuration list for PBXNativeTarget "Sample_AR-GunMan_Replace_SwiftUI" */;
			buildPhases = (
				19AEB904DCCACAFD114627FF /* [CP] Check Pods Manifest.lock */,
				BCFB7A582CF9F6240018649D /* Sources */,
				BCFB7A592CF9F6240018649D /* Frameworks */,
				BCFB7A5A2CF9F6240018649D /* Resources */,
				9A1FADFF7EF98FFB7265036E /* [CP] Embed Pods Frameworks */,
			);
			buildRules = (
			);
			dependencies = (
			);
			name = "Sample_AR-GunMan_Replace_SwiftUI";
			packageProductDependencies = (
				BCB2B0202D1247DA001EE755 /* WeaponControlMotion */,
				BC277D012D145E5E00A56324 /* ARShooting */,
			);
			productName = "Sample_AR-GunMan_Replace_SwiftUI";
			productReference = BCFB7A5C2CF9F6240018649D /* Sample_AR-GunMan_Replace_SwiftUI.app */;
			productType = "com.apple.product-type.application";
		};
		BCFB7A6B2CF9F6260018649D /* Sample_AR-GunMan_Replace_SwiftUITests */ = {
			isa = PBXNativeTarget;
			buildConfigurationList = BCFB7A832CF9F6260018649D /* Build configuration list for PBXNativeTarget "Sample_AR-GunMan_Replace_SwiftUITests" */;
			buildPhases = (
				ACD0A9E9069B0C6300D5183C /* [CP] Check Pods Manifest.lock */,
				BCFB7A682CF9F6260018649D /* Sources */,
				BCFB7A692CF9F6260018649D /* Frameworks */,
				BCFB7A6A2CF9F6260018649D /* Resources */,
			);
			buildRules = (
			);
			dependencies = (
				BCFB7A6E2CF9F6260018649D /* PBXTargetDependency */,
			);
			name = "Sample_AR-GunMan_Replace_SwiftUITests";
			productName = "Sample_AR-GunMan_Replace_SwiftUITests";
			productReference = BCFB7A6C2CF9F6260018649D /* Sample_AR-GunMan_Replace_SwiftUITests.xctest */;
			productType = "com.apple.product-type.bundle.unit-test";
		};
		BCFB7A752CF9F6260018649D /* Sample_AR-GunMan_Replace_SwiftUIUITests */ = {
			isa = PBXNativeTarget;
			buildConfigurationList = BCFB7A862CF9F6260018649D /* Build configuration list for PBXNativeTarget "Sample_AR-GunMan_Replace_SwiftUIUITests" */;
			buildPhases = (
				828DCDF21CFDABD3EAB3C305 /* [CP] Check Pods Manifest.lock */,
				BCFB7A722CF9F6260018649D /* Sources */,
				BCFB7A732CF9F6260018649D /* Frameworks */,
				BCFB7A742CF9F6260018649D /* Resources */,
				82803D7808CA4F8FFC44A646 /* [CP] Embed Pods Frameworks */,
			);
			buildRules = (
			);
			dependencies = (
				BCFB7A782CF9F6260018649D /* PBXTargetDependency */,
			);
			name = "Sample_AR-GunMan_Replace_SwiftUIUITests";
			productName = "Sample_AR-GunMan_Replace_SwiftUIUITests";
			productReference = BCFB7A762CF9F6260018649D /* Sample_AR-GunMan_Replace_SwiftUIUITests.xctest */;
			productType = "com.apple.product-type.bundle.ui-testing";
		};
/* End PBXNativeTarget section */

/* Begin PBXProject section */
		BCFB7A542CF9F6240018649D /* Project object */ = {
			isa = PBXProject;
			attributes = {
				BuildIndependentTargetsInParallel = 1;
				LastSwiftUpdateCheck = 1530;
				LastUpgradeCheck = 1530;
				TargetAttributes = {
					BCFB7A5B2CF9F6240018649D = {
						CreatedOnToolsVersion = 15.3;
					};
					BCFB7A6B2CF9F6260018649D = {
						CreatedOnToolsVersion = 15.3;
						TestTargetID = BCFB7A5B2CF9F6240018649D;
					};
					BCFB7A752CF9F6260018649D = {
						CreatedOnToolsVersion = 15.3;
						TestTargetID = BCFB7A5B2CF9F6240018649D;
					};
				};
			};
			buildConfigurationList = BCFB7A572CF9F6240018649D /* Build configuration list for PBXProject "Sample_AR-GunMan_Replace_SwiftUI" */;
			compatibilityVersion = "Xcode 14.0";
			developmentRegion = en;
			hasScannedForEncodings = 0;
			knownRegions = (
				en,
				Base,
			);
			mainGroup = BCFB7A532CF9F6240018649D;
			productRefGroup = BCFB7A5D2CF9F6240018649D /* Products */;
			projectDirPath = "";
			projectRoot = "";
			targets = (
				BCFB7A5B2CF9F6240018649D /* Sample_AR-GunMan_Replace_SwiftUI */,
				BCFB7A6B2CF9F6260018649D /* Sample_AR-GunMan_Replace_SwiftUITests */,
				BCFB7A752CF9F6260018649D /* Sample_AR-GunMan_Replace_SwiftUIUITests */,
			);
		};
/* End PBXProject section */

/* Begin PBXResourcesBuildPhase section */
		BCFB7A5A2CF9F6240018649D /* Resources */ = {
			isa = PBXResourcesBuildPhase;
			buildActionMask = 2147483647;
			files = (
				BCFB7AA82CF9FA4A0018649D /* pistol_appear.mp3 in Resources */,
				BCFB7AAA2CF9FA4A0018649D /* start_whistle.mp3 in Resources */,
				BCFB7AA62CF9FA4A0018649D /* pistol_out_of_bullets.mp3 in Resources */,
				BCFB7A9E2CF9FA4A0018649D /* bazooka_explosion.mp3 in Resources */,
				BCFB7AAB2CF9FA4A0018649D /* western_pistol_fire.mp3 in Resources */,
				BCFB7AA72CF9FA4A0018649D /* pistol_reload.mp3 in Resources */,
				BCFB7A9F2CF9FA4A0018649D /* bazooka_reload.mp3 in Resources */,
				BCFB7AA42CF9FA4A0018649D /* target_appearance_change.mp3 in Resources */,
				BC3908C22D0F272A001AF829 /* WeaponSelectViewController.xib in Resources */,
				BCFB7AA32CF9FA4A0018649D /* target_hit.mp3 in Resources */,
				BC3908BF2D0F272A001AF829 /* WeaponSelectCell.xib in Resources */,
				BCFB7A672CF9F6250018649D /* Preview Assets.xcassets in Resources */,
				BCFB7A642CF9F6250018649D /* Assets.xcassets in Resources */,
				BCFB7AA22CF9FA4A0018649D /* end_whistle.mp3 in Resources */,
				BCFB7AA92CF9FA4A0018649D /* ranking_appear.mp3 in Resources */,
				BCFB7AA52CF9FA4A0018649D /* pistol_fire.mp3 in Resources */,
				BCFB7AA12CF9FA4A0018649D /* bazooka_fire.mp3 in Resources */,
				BCFB7AA02CF9FA4A0018649D /* bazooka_appear.mp3 in Resources */,
			);
			runOnlyForDeploymentPostprocessing = 0;
		};
		BCFB7A6A2CF9F6260018649D /* Resources */ = {
			isa = PBXResourcesBuildPhase;
			buildActionMask = 2147483647;
			files = (
			);
			runOnlyForDeploymentPostprocessing = 0;
		};
		BCFB7A742CF9F6260018649D /* Resources */ = {
			isa = PBXResourcesBuildPhase;
			buildActionMask = 2147483647;
			files = (
			);
			runOnlyForDeploymentPostprocessing = 0;
		};
/* End PBXResourcesBuildPhase section */

/* Begin PBXShellScriptBuildPhase section */
		19AEB904DCCACAFD114627FF /* [CP] Check Pods Manifest.lock */ = {
			isa = PBXShellScriptBuildPhase;
			buildActionMask = 2147483647;
			files = (
			);
			inputFileListPaths = (
			);
			inputPaths = (
				"${PODS_PODFILE_DIR_PATH}/Podfile.lock",
				"${PODS_ROOT}/Manifest.lock",
			);
			name = "[CP] Check Pods Manifest.lock";
			outputFileListPaths = (
			);
			outputPaths = (
				"$(DERIVED_FILE_DIR)/Pods-Sample_AR-GunMan_Replace_SwiftUI-checkManifestLockResult.txt",
			);
			runOnlyForDeploymentPostprocessing = 0;
			shellPath = /bin/sh;
			shellScript = "diff \"${PODS_PODFILE_DIR_PATH}/Podfile.lock\" \"${PODS_ROOT}/Manifest.lock\" > /dev/null\nif [ $? != 0 ] ; then\n    # print error to STDERR\n    echo \"error: The sandbox is not in sync with the Podfile.lock. Run 'pod install' or update your CocoaPods installation.\" >&2\n    exit 1\nfi\n# This output is used by Xcode 'outputs' to avoid re-running this script phase.\necho \"SUCCESS\" > \"${SCRIPT_OUTPUT_FILE_0}\"\n";
			showEnvVarsInLog = 0;
		};
		82803D7808CA4F8FFC44A646 /* [CP] Embed Pods Frameworks */ = {
			isa = PBXShellScriptBuildPhase;
			buildActionMask = 2147483647;
			files = (
			);
			inputFileListPaths = (
				"${PODS_ROOT}/Target Support Files/Pods-Sample_AR-GunMan_Replace_SwiftUI-Sample_AR-GunMan_Replace_SwiftUIUITests/Pods-Sample_AR-GunMan_Replace_SwiftUI-Sample_AR-GunMan_Replace_SwiftUIUITests-frameworks-${CONFIGURATION}-input-files.xcfilelist",
			);
			name = "[CP] Embed Pods Frameworks";
			outputFileListPaths = (
				"${PODS_ROOT}/Target Support Files/Pods-Sample_AR-GunMan_Replace_SwiftUI-Sample_AR-GunMan_Replace_SwiftUIUITests/Pods-Sample_AR-GunMan_Replace_SwiftUI-Sample_AR-GunMan_Replace_SwiftUIUITests-frameworks-${CONFIGURATION}-output-files.xcfilelist",
			);
			runOnlyForDeploymentPostprocessing = 0;
			shellPath = /bin/sh;
			shellScript = "\"${PODS_ROOT}/Target Support Files/Pods-Sample_AR-GunMan_Replace_SwiftUI-Sample_AR-GunMan_Replace_SwiftUIUITests/Pods-Sample_AR-GunMan_Replace_SwiftUI-Sample_AR-GunMan_Replace_SwiftUIUITests-frameworks.sh\"\n";
			showEnvVarsInLog = 0;
		};
		828DCDF21CFDABD3EAB3C305 /* [CP] Check Pods Manifest.lock */ = {
			isa = PBXShellScriptBuildPhase;
			buildActionMask = 2147483647;
			files = (
			);
			inputFileListPaths = (
			);
			inputPaths = (
				"${PODS_PODFILE_DIR_PATH}/Podfile.lock",
				"${PODS_ROOT}/Manifest.lock",
			);
			name = "[CP] Check Pods Manifest.lock";
			outputFileListPaths = (
			);
			outputPaths = (
				"$(DERIVED_FILE_DIR)/Pods-Sample_AR-GunMan_Replace_SwiftUI-Sample_AR-GunMan_Replace_SwiftUIUITests-checkManifestLockResult.txt",
			);
			runOnlyForDeploymentPostprocessing = 0;
			shellPath = /bin/sh;
			shellScript = "diff \"${PODS_PODFILE_DIR_PATH}/Podfile.lock\" \"${PODS_ROOT}/Manifest.lock\" > /dev/null\nif [ $? != 0 ] ; then\n    # print error to STDERR\n    echo \"error: The sandbox is not in sync with the Podfile.lock. Run 'pod install' or update your CocoaPods installation.\" >&2\n    exit 1\nfi\n# This output is used by Xcode 'outputs' to avoid re-running this script phase.\necho \"SUCCESS\" > \"${SCRIPT_OUTPUT_FILE_0}\"\n";
			showEnvVarsInLog = 0;
		};
		9A1FADFF7EF98FFB7265036E /* [CP] Embed Pods Frameworks */ = {
			isa = PBXShellScriptBuildPhase;
			buildActionMask = 2147483647;
			files = (
			);
			inputFileListPaths = (
				"${PODS_ROOT}/Target Support Files/Pods-Sample_AR-GunMan_Replace_SwiftUI/Pods-Sample_AR-GunMan_Replace_SwiftUI-frameworks-${CONFIGURATION}-input-files.xcfilelist",
			);
			name = "[CP] Embed Pods Frameworks";
			outputFileListPaths = (
				"${PODS_ROOT}/Target Support Files/Pods-Sample_AR-GunMan_Replace_SwiftUI/Pods-Sample_AR-GunMan_Replace_SwiftUI-frameworks-${CONFIGURATION}-output-files.xcfilelist",
			);
			runOnlyForDeploymentPostprocessing = 0;
			shellPath = /bin/sh;
			shellScript = "\"${PODS_ROOT}/Target Support Files/Pods-Sample_AR-GunMan_Replace_SwiftUI/Pods-Sample_AR-GunMan_Replace_SwiftUI-frameworks.sh\"\n";
			showEnvVarsInLog = 0;
		};
		ACD0A9E9069B0C6300D5183C /* [CP] Check Pods Manifest.lock */ = {
			isa = PBXShellScriptBuildPhase;
			buildActionMask = 2147483647;
			files = (
			);
			inputFileListPaths = (
			);
			inputPaths = (
				"${PODS_PODFILE_DIR_PATH}/Podfile.lock",
				"${PODS_ROOT}/Manifest.lock",
			);
			name = "[CP] Check Pods Manifest.lock";
			outputFileListPaths = (
			);
			outputPaths = (
				"$(DERIVED_FILE_DIR)/Pods-Sample_AR-GunMan_Replace_SwiftUITests-checkManifestLockResult.txt",
			);
			runOnlyForDeploymentPostprocessing = 0;
			shellPath = /bin/sh;
			shellScript = "diff \"${PODS_PODFILE_DIR_PATH}/Podfile.lock\" \"${PODS_ROOT}/Manifest.lock\" > /dev/null\nif [ $? != 0 ] ; then\n    # print error to STDERR\n    echo \"error: The sandbox is not in sync with the Podfile.lock. Run 'pod install' or update your CocoaPods installation.\" >&2\n    exit 1\nfi\n# This output is used by Xcode 'outputs' to avoid re-running this script phase.\necho \"SUCCESS\" > \"${SCRIPT_OUTPUT_FILE_0}\"\n";
			showEnvVarsInLog = 0;
		};
/* End PBXShellScriptBuildPhase section */

/* Begin PBXSourcesBuildPhase section */
		BCFB7A582CF9F6240018649D /* Sources */ = {
			isa = PBXSourcesBuildPhase;
			buildActionMask = 2147483647;
			files = (
				BCEA71FE2D16C254006BEA65 /* PermissionRepositoryInterface.swift in Sources */,
				BC469FBD2D19A5DB00DFA407 /* RankingListView.swift in Sources */,
				BCFB7AF72CFA09130018649D /* RepositoryFactory.swift in Sources */,
				BC7CAC982D1827A5009E6D31 /* UIBlurEffectViewRepresentable.swift in Sources */,
				BC469FC12D1AE6E600DFA407 /* Ranking.swift in Sources */,
				BC469FBB2D19A5D000DFA407 /* RankingListeItem.swift in Sources */,
				BCB765F32D312C5500BF7CDD /* RankingRepositoryStub.swift in Sources */,
				BCFB7AD42CFA05C90018649D /* TutorialUseCase.swift in Sources */,
				BCB765EF2D312A1F00BF7CDD /* RankingRepository.swift in Sources */,
				BC79D4862D1432CC008D4D8B /* WeaponSelectViewModel.swift in Sources */,
				BC3908C12D0F272A001AF829 /* WeaponSelectCell.swift in Sources */,
				BCFB7AFC2CFABF280018649D /* SoundPlayer.swift in Sources */,
				BCFB7AD62CFA05C90018649D /* WeaponActionExecuteUseCase.swift in Sources */,
				BCFB7AD22CFA05C90018649D /* WeaponRepositoryInterface.swift in Sources */,
				BC3908C42D0F283C001AF829 /* NSObject+Extension.swift in Sources */,
				BC3908BE2D0F272A001AF829 /* WeaponSelectViewController.swift in Sources */,
				BCEA72002D16C547006BEA65 /* CameraUsagePermissionHandlingUseCase.swift in Sources */,
				BCFB7ADA2CFA05C90018649D /* TutorialRepository.swift in Sources */,
				BCFB7AE12CFA06870018649D /* ColorTypeConverter.swift in Sources */,
				BCB765F12D312B9900BF7CDD /* RankingRepositoryInterface.swift in Sources */,
				BCFB7AE62CFA070A0018649D /* SoundType.swift in Sources */,
				BCEA72022D16E28D006BEA65 /* TutorialView.swift in Sources */,
				BC79D4802D142ED9008D4D8B /* TopViewFactory.swift in Sources */,
				BCB765ED2D2FC6E900BF7CDD /* NameRegisterViewModel.swift in Sources */,
				BCEA72042D16E32E006BEA65 /* ContentFrameTrackableScrollView.swift in Sources */,
				BCFB7AB12CFA04D20018649D /* GameViewModel.swift in Sources */,
				BCFB7AEF2CFA07370018649D /* CurrentWeaponData.swift in Sources */,
				BC469FC32D1B064000DFA407 /* RankingViewModel.swift in Sources */,
				BCB765EB2D2FC6CA00BF7CDD /* NameRegisterView.swift in Sources */,
				BCEA72082D16F710006BEA65 /* CenterPreviewView.swift in Sources */,
				BCFB7AD72CFA05C90018649D /* WeaponResourceGetUseCase.swift in Sources */,
				BCFB7ADD2CFA05C90018649D /* WeaponDataSource.swift in Sources */,
				BC79D4822D142F74008D4D8B /* GameViewFactory.swift in Sources */,
				BC39094E2D10F42B001AF829 /* SettingsView.swift in Sources */,
				BCFB7AF82CFA09130018649D /* UseCaseFactory.swift in Sources */,
				BCEA72062D16EEF9006BEA65 /* TutorialScrollViewItem.swift in Sources */,
				BC469FC52D1B105A00DFA407 /* SafariViewControllerRepresentable.swift in Sources */,
				BCFB7ADC2CFA05C90018649D /* CustomError.swift in Sources */,
				BCEA720D2D1708F2006BEA65 /* TutorialViewModel.swift in Sources */,
				BCFB7AF02CFA07370018649D /* WeaponListItem.swift in Sources */,
				BCFB7A8A2CF9F70E0018649D /* TopView.swift in Sources */,
				BC3909462D104F04001AF829 /* Color+Extension.swift in Sources */,
				BCFB7AD12CFA05C90018649D /* TutorialRepositoryInterface.swift in Sources */,
				BCFB7AD02CFA05C90018649D /* Weapon.swift in Sources */,
				BCFB7ADF2CFA063D0018649D /* UserDefaults+Extension.swift in Sources */,
				BCEA720B2D16F834006BEA65 /* TutorialConst.swift in Sources */,
				BCEA71FC2D16C22C006BEA65 /* PermissionRepository.swift in Sources */,
				BCFB7A8C2CF9FA0F0018649D /* GameView.swift in Sources */,
				BC3909502D10FBA4001AF829 /* SettingsViewModel.swift in Sources */,
				BCFB7AAF2CF9FD420018649D /* Double+Extension.swift in Sources */,
				BC79D4842D142FBB008D4D8B /* SettingsViewFactory.swift in Sources */,
				BCFB7A602CF9F6240018649D /* Sample_AR_GunMan_Replace_SwiftUIApp.swift in Sources */,
				BCFB7AD82CFA05C90018649D /* WeaponStatusCheckUseCase.swift in Sources */,
				BC7CAC962D17C938009E6D31 /* CustomModalPresenter.swift in Sources */,
				BCFB7ADB2CFA05C90018649D /* WeaponRepository.swift in Sources */,
				BC469FB92D19A4C800DFA407 /* RankingView.swift in Sources */,
				BC3908C02D0F272A001AF829 /* WeaponSelectView.swift in Sources */,
				BC8935B02D17983000E59C78 /* StopMotionAnimationView.swift in Sources */,
				BC469FB72D185DFE00DFA407 /* ResultView.swift in Sources */,
				BC79D4882D143867008D4D8B /* WeaponSelectViewFactory.swift in Sources */,
				BC469FC72D2FA61200DFA407 /* ResultViewModel.swift in Sources */,
				BC39094A2D1057AF001AF829 /* TopViewModel.swift in Sources */,
				BCFB7AD32CFA05C90018649D /* GameTimerCreateUseCase.swift in Sources */,
			);
			runOnlyForDeploymentPostprocessing = 0;
		};
		BCFB7A682CF9F6260018649D /* Sources */ = {
			isa = PBXSourcesBuildPhase;
			buildActionMask = 2147483647;
			files = (
				BCFB7A712CF9F6260018649D /* Sample_AR_GunMan_Replace_SwiftUITests.swift in Sources */,
			);
			runOnlyForDeploymentPostprocessing = 0;
		};
		BCFB7A722CF9F6260018649D /* Sources */ = {
			isa = PBXSourcesBuildPhase;
			buildActionMask = 2147483647;
			files = (
				BCFB7A7D2CF9F6260018649D /* Sample_AR_GunMan_Replace_SwiftUIUITestsLaunchTests.swift in Sources */,
				BCFB7A7B2CF9F6260018649D /* Sample_AR_GunMan_Replace_SwiftUIUITests.swift in Sources */,
			);
			runOnlyForDeploymentPostprocessing = 0;
		};
/* End PBXSourcesBuildPhase section */

/* Begin PBXTargetDependency section */
		BCFB7A6E2CF9F6260018649D /* PBXTargetDependency */ = {
			isa = PBXTargetDependency;
			target = BCFB7A5B2CF9F6240018649D /* Sample_AR-GunMan_Replace_SwiftUI */;
			targetProxy = BCFB7A6D2CF9F6260018649D /* PBXContainerItemProxy */;
		};
		BCFB7A782CF9F6260018649D /* PBXTargetDependency */ = {
			isa = PBXTargetDependency;
			target = BCFB7A5B2CF9F6240018649D /* Sample_AR-GunMan_Replace_SwiftUI */;
			targetProxy = BCFB7A772CF9F6260018649D /* PBXContainerItemProxy */;
		};
/* End PBXTargetDependency section */

/* Begin XCBuildConfiguration section */
		BC277D032D14E0C600A56324 /* Test */ = {
			isa = XCBuildConfiguration;
			buildSettings = {
				ALWAYS_SEARCH_USER_PATHS = NO;
				ASSETCATALOG_COMPILER_GENERATE_SWIFT_ASSET_SYMBOL_EXTENSIONS = YES;
				CLANG_ANALYZER_NONNULL = YES;
				CLANG_ANALYZER_NUMBER_OBJECT_CONVERSION = YES_AGGRESSIVE;
				CLANG_CXX_LANGUAGE_STANDARD = "gnu++20";
				CLANG_ENABLE_MODULES = YES;
				CLANG_ENABLE_OBJC_ARC = YES;
				CLANG_ENABLE_OBJC_WEAK = YES;
				CLANG_WARN_BLOCK_CAPTURE_AUTORELEASING = YES;
				CLANG_WARN_BOOL_CONVERSION = YES;
				CLANG_WARN_COMMA = YES;
				CLANG_WARN_CONSTANT_CONVERSION = YES;
				CLANG_WARN_DEPRECATED_OBJC_IMPLEMENTATIONS = YES;
				CLANG_WARN_DIRECT_OBJC_ISA_USAGE = YES_ERROR;
				CLANG_WARN_DOCUMENTATION_COMMENTS = YES;
				CLANG_WARN_EMPTY_BODY = YES;
				CLANG_WARN_ENUM_CONVERSION = YES;
				CLANG_WARN_INFINITE_RECURSION = YES;
				CLANG_WARN_INT_CONVERSION = YES;
				CLANG_WARN_NON_LITERAL_NULL_CONVERSION = YES;
				CLANG_WARN_OBJC_IMPLICIT_RETAIN_SELF = YES;
				CLANG_WARN_OBJC_LITERAL_CONVERSION = YES;
				CLANG_WARN_OBJC_ROOT_CLASS = YES_ERROR;
				CLANG_WARN_QUOTED_INCLUDE_IN_FRAMEWORK_HEADER = YES;
				CLANG_WARN_RANGE_LOOP_ANALYSIS = YES;
				CLANG_WARN_STRICT_PROTOTYPES = YES;
				CLANG_WARN_SUSPICIOUS_MOVE = YES;
				CLANG_WARN_UNGUARDED_AVAILABILITY = YES_AGGRESSIVE;
				CLANG_WARN_UNREACHABLE_CODE = YES;
				CLANG_WARN__DUPLICATE_METHOD_MATCH = YES;
				COPY_PHASE_STRIP = NO;
				DEBUG_INFORMATION_FORMAT = dwarf;
				ENABLE_STRICT_OBJC_MSGSEND = YES;
				ENABLE_TESTABILITY = YES;
				ENABLE_USER_SCRIPT_SANDBOXING = NO;
				GCC_C_LANGUAGE_STANDARD = gnu17;
				GCC_DYNAMIC_NO_PIC = NO;
				GCC_NO_COMMON_BLOCKS = YES;
				GCC_OPTIMIZATION_LEVEL = 0;
				GCC_PREPROCESSOR_DEFINITIONS = (
					"DEBUG=1",
					"$(inherited)",
				);
				GCC_WARN_64_TO_32_BIT_CONVERSION = YES;
				GCC_WARN_ABOUT_RETURN_TYPE = YES_ERROR;
				GCC_WARN_UNDECLARED_SELECTOR = YES;
				GCC_WARN_UNINITIALIZED_AUTOS = YES_AGGRESSIVE;
				GCC_WARN_UNUSED_FUNCTION = YES;
				GCC_WARN_UNUSED_VARIABLE = YES;
				IPHONEOS_DEPLOYMENT_TARGET = 17.4;
				LOCALIZATION_PREFERS_STRING_CATALOGS = YES;
				MTL_ENABLE_DEBUG_INFO = INCLUDE_SOURCE;
				MTL_FAST_MATH = YES;
				ONLY_ACTIVE_ARCH = YES;
				SDKROOT = iphoneos;
				SWIFT_ACTIVE_COMPILATION_CONDITIONS = "TEST $(inherited)";
				SWIFT_OPTIMIZATION_LEVEL = "-Onone";
			};
			name = Test;
		};
		BC277D042D14E0C600A56324 /* Test */ = {
			isa = XCBuildConfiguration;
			baseConfigurationReference = 91F90C41112BAAF05C640DD1 /* Pods-Sample_AR-GunMan_Replace_SwiftUI.debug.xcconfig */;
			buildSettings = {
				ASSETCATALOG_COMPILER_APPICON_NAME = AppIcon;
				ASSETCATALOG_COMPILER_GLOBAL_ACCENT_COLOR_NAME = AccentColor;
				CODE_SIGN_STYLE = Automatic;
				CURRENT_PROJECT_VERSION = 1;
				DEVELOPMENT_ASSET_PATHS = "\"Sample_AR-GunMan_Replace_SwiftUI/Preview Content\"";
				DEVELOPMENT_TEAM = 37MFDT4LMQ;
				ENABLE_PREVIEWS = YES;
				GENERATE_INFOPLIST_FILE = YES;
				INFOPLIST_KEY_NSCameraUsageDescription = "ゲーム画面でARコンテンツを表示する為に使用します。";
				INFOPLIST_KEY_UIApplicationSceneManifest_Generation = YES;
				INFOPLIST_KEY_UIApplicationSupportsIndirectInputEvents = YES;
				INFOPLIST_KEY_UILaunchScreen_Generation = YES;
				INFOPLIST_KEY_UISupportedInterfaceOrientations = UIInterfaceOrientationLandscapeRight;
				INFOPLIST_KEY_UISupportedInterfaceOrientations_iPad = "UIInterfaceOrientationLandscapeLeft UIInterfaceOrientationLandscapeRight UIInterfaceOrientationPortrait UIInterfaceOrientationPortraitUpsideDown";
				INFOPLIST_KEY_UIUserInterfaceStyle = Light;
				IPHONEOS_DEPLOYMENT_TARGET = 17.0;
				LD_RUNPATH_SEARCH_PATHS = (
					"$(inherited)",
					"@executable_path/Frameworks",
				);
				MARKETING_VERSION = 1.0;
				PRODUCT_BUNDLE_IDENTIFIER = "test.Sample-AR-GunMan-Replace-SwiftUI";
				PRODUCT_NAME = "$(TARGET_NAME)";
				SWIFT_EMIT_LOC_STRINGS = YES;
				SWIFT_VERSION = 5.0;
				TARGETED_DEVICE_FAMILY = "1,2";
			};
			name = Test;
		};
		BC277D052D14E0C600A56324 /* Test */ = {
			isa = XCBuildConfiguration;
			baseConfigurationReference = EC64B239A8FF50D412E15E14 /* Pods-Sample_AR-GunMan_Replace_SwiftUITests.debug.xcconfig */;
			buildSettings = {
				ALWAYS_EMBED_SWIFT_STANDARD_LIBRARIES = YES;
				BUNDLE_LOADER = "$(TEST_HOST)";
				CODE_SIGN_STYLE = Automatic;
				CURRENT_PROJECT_VERSION = 1;
				DEVELOPMENT_TEAM = 37MFDT4LMQ;
				GENERATE_INFOPLIST_FILE = YES;
				IPHONEOS_DEPLOYMENT_TARGET = 17.4;
				MARKETING_VERSION = 1.0;
				PRODUCT_BUNDLE_IDENTIFIER = "test.Sample-AR-GunMan-Replace-SwiftUITests";
				PRODUCT_NAME = "$(TARGET_NAME)";
				SWIFT_EMIT_LOC_STRINGS = NO;
				SWIFT_VERSION = 5.0;
				TARGETED_DEVICE_FAMILY = "1,2";
				TEST_HOST = "$(BUILT_PRODUCTS_DIR)/Sample_AR-GunMan_Replace_SwiftUI.app/$(BUNDLE_EXECUTABLE_FOLDER_PATH)/Sample_AR-GunMan_Replace_SwiftUI";
			};
			name = Test;
		};
		BC277D062D14E0C600A56324 /* Test */ = {
			isa = XCBuildConfiguration;
			baseConfigurationReference = 63B1FAE55546FCEF0A338A3F /* Pods-Sample_AR-GunMan_Replace_SwiftUI-Sample_AR-GunMan_Replace_SwiftUIUITests.debug.xcconfig */;
			buildSettings = {
				ALWAYS_EMBED_SWIFT_STANDARD_LIBRARIES = YES;
				CODE_SIGN_STYLE = Automatic;
				CURRENT_PROJECT_VERSION = 1;
				DEVELOPMENT_TEAM = 37MFDT4LMQ;
				GENERATE_INFOPLIST_FILE = YES;
				MARKETING_VERSION = 1.0;
				PRODUCT_BUNDLE_IDENTIFIER = "test.Sample-AR-GunMan-Replace-SwiftUIUITests";
				PRODUCT_NAME = "$(TARGET_NAME)";
				SWIFT_EMIT_LOC_STRINGS = NO;
				SWIFT_VERSION = 5.0;
				TARGETED_DEVICE_FAMILY = "1,2";
				TEST_TARGET_NAME = "Sample_AR-GunMan_Replace_SwiftUI";
			};
			name = Test;
		};
		BCFB7A7E2CF9F6260018649D /* Debug */ = {
			isa = XCBuildConfiguration;
			buildSettings = {
				ALWAYS_SEARCH_USER_PATHS = NO;
				ASSETCATALOG_COMPILER_GENERATE_SWIFT_ASSET_SYMBOL_EXTENSIONS = YES;
				CLANG_ANALYZER_NONNULL = YES;
				CLANG_ANALYZER_NUMBER_OBJECT_CONVERSION = YES_AGGRESSIVE;
				CLANG_CXX_LANGUAGE_STANDARD = "gnu++20";
				CLANG_ENABLE_MODULES = YES;
				CLANG_ENABLE_OBJC_ARC = YES;
				CLANG_ENABLE_OBJC_WEAK = YES;
				CLANG_WARN_BLOCK_CAPTURE_AUTORELEASING = YES;
				CLANG_WARN_BOOL_CONVERSION = YES;
				CLANG_WARN_COMMA = YES;
				CLANG_WARN_CONSTANT_CONVERSION = YES;
				CLANG_WARN_DEPRECATED_OBJC_IMPLEMENTATIONS = YES;
				CLANG_WARN_DIRECT_OBJC_ISA_USAGE = YES_ERROR;
				CLANG_WARN_DOCUMENTATION_COMMENTS = YES;
				CLANG_WARN_EMPTY_BODY = YES;
				CLANG_WARN_ENUM_CONVERSION = YES;
				CLANG_WARN_INFINITE_RECURSION = YES;
				CLANG_WARN_INT_CONVERSION = YES;
				CLANG_WARN_NON_LITERAL_NULL_CONVERSION = YES;
				CLANG_WARN_OBJC_IMPLICIT_RETAIN_SELF = YES;
				CLANG_WARN_OBJC_LITERAL_CONVERSION = YES;
				CLANG_WARN_OBJC_ROOT_CLASS = YES_ERROR;
				CLANG_WARN_QUOTED_INCLUDE_IN_FRAMEWORK_HEADER = YES;
				CLANG_WARN_RANGE_LOOP_ANALYSIS = YES;
				CLANG_WARN_STRICT_PROTOTYPES = YES;
				CLANG_WARN_SUSPICIOUS_MOVE = YES;
				CLANG_WARN_UNGUARDED_AVAILABILITY = YES_AGGRESSIVE;
				CLANG_WARN_UNREACHABLE_CODE = YES;
				CLANG_WARN__DUPLICATE_METHOD_MATCH = YES;
				COPY_PHASE_STRIP = NO;
				DEBUG_INFORMATION_FORMAT = dwarf;
				ENABLE_STRICT_OBJC_MSGSEND = YES;
				ENABLE_TESTABILITY = YES;
				ENABLE_USER_SCRIPT_SANDBOXING = NO;
				GCC_C_LANGUAGE_STANDARD = gnu17;
				GCC_DYNAMIC_NO_PIC = NO;
				GCC_NO_COMMON_BLOCKS = YES;
				GCC_OPTIMIZATION_LEVEL = 0;
				GCC_PREPROCESSOR_DEFINITIONS = (
					"DEBUG=1",
					"$(inherited)",
				);
				GCC_WARN_64_TO_32_BIT_CONVERSION = YES;
				GCC_WARN_ABOUT_RETURN_TYPE = YES_ERROR;
				GCC_WARN_UNDECLARED_SELECTOR = YES;
				GCC_WARN_UNINITIALIZED_AUTOS = YES_AGGRESSIVE;
				GCC_WARN_UNUSED_FUNCTION = YES;
				GCC_WARN_UNUSED_VARIABLE = YES;
				IPHONEOS_DEPLOYMENT_TARGET = 17.4;
				LOCALIZATION_PREFERS_STRING_CATALOGS = YES;
				MTL_ENABLE_DEBUG_INFO = INCLUDE_SOURCE;
				MTL_FAST_MATH = YES;
				ONLY_ACTIVE_ARCH = YES;
				SDKROOT = iphoneos;
				SWIFT_ACTIVE_COMPILATION_CONDITIONS = "DEBUG $(inherited)";
				SWIFT_OPTIMIZATION_LEVEL = "-Onone";
			};
			name = Debug;
		};
		BCFB7A7F2CF9F6260018649D /* Release */ = {
			isa = XCBuildConfiguration;
			buildSettings = {
				ALWAYS_SEARCH_USER_PATHS = NO;
				ASSETCATALOG_COMPILER_GENERATE_SWIFT_ASSET_SYMBOL_EXTENSIONS = YES;
				CLANG_ANALYZER_NONNULL = YES;
				CLANG_ANALYZER_NUMBER_OBJECT_CONVERSION = YES_AGGRESSIVE;
				CLANG_CXX_LANGUAGE_STANDARD = "gnu++20";
				CLANG_ENABLE_MODULES = YES;
				CLANG_ENABLE_OBJC_ARC = YES;
				CLANG_ENABLE_OBJC_WEAK = YES;
				CLANG_WARN_BLOCK_CAPTURE_AUTORELEASING = YES;
				CLANG_WARN_BOOL_CONVERSION = YES;
				CLANG_WARN_COMMA = YES;
				CLANG_WARN_CONSTANT_CONVERSION = YES;
				CLANG_WARN_DEPRECATED_OBJC_IMPLEMENTATIONS = YES;
				CLANG_WARN_DIRECT_OBJC_ISA_USAGE = YES_ERROR;
				CLANG_WARN_DOCUMENTATION_COMMENTS = YES;
				CLANG_WARN_EMPTY_BODY = YES;
				CLANG_WARN_ENUM_CONVERSION = YES;
				CLANG_WARN_INFINITE_RECURSION = YES;
				CLANG_WARN_INT_CONVERSION = YES;
				CLANG_WARN_NON_LITERAL_NULL_CONVERSION = YES;
				CLANG_WARN_OBJC_IMPLICIT_RETAIN_SELF = YES;
				CLANG_WARN_OBJC_LITERAL_CONVERSION = YES;
				CLANG_WARN_OBJC_ROOT_CLASS = YES_ERROR;
				CLANG_WARN_QUOTED_INCLUDE_IN_FRAMEWORK_HEADER = YES;
				CLANG_WARN_RANGE_LOOP_ANALYSIS = YES;
				CLANG_WARN_STRICT_PROTOTYPES = YES;
				CLANG_WARN_SUSPICIOUS_MOVE = YES;
				CLANG_WARN_UNGUARDED_AVAILABILITY = YES_AGGRESSIVE;
				CLANG_WARN_UNREACHABLE_CODE = YES;
				CLANG_WARN__DUPLICATE_METHOD_MATCH = YES;
				COPY_PHASE_STRIP = NO;
				DEBUG_INFORMATION_FORMAT = "dwarf-with-dsym";
				ENABLE_NS_ASSERTIONS = NO;
				ENABLE_STRICT_OBJC_MSGSEND = YES;
				ENABLE_USER_SCRIPT_SANDBOXING = NO;
				GCC_C_LANGUAGE_STANDARD = gnu17;
				GCC_NO_COMMON_BLOCKS = YES;
				GCC_WARN_64_TO_32_BIT_CONVERSION = YES;
				GCC_WARN_ABOUT_RETURN_TYPE = YES_ERROR;
				GCC_WARN_UNDECLARED_SELECTOR = YES;
				GCC_WARN_UNINITIALIZED_AUTOS = YES_AGGRESSIVE;
				GCC_WARN_UNUSED_FUNCTION = YES;
				GCC_WARN_UNUSED_VARIABLE = YES;
				IPHONEOS_DEPLOYMENT_TARGET = 17.4;
				LOCALIZATION_PREFERS_STRING_CATALOGS = YES;
				MTL_ENABLE_DEBUG_INFO = NO;
				MTL_FAST_MATH = YES;
				SDKROOT = iphoneos;
				SWIFT_COMPILATION_MODE = wholemodule;
				VALIDATE_PRODUCT = YES;
			};
			name = Release;
		};
		BCFB7A812CF9F6260018649D /* Debug */ = {
			isa = XCBuildConfiguration;
			baseConfigurationReference = 91F90C41112BAAF05C640DD1 /* Pods-Sample_AR-GunMan_Replace_SwiftUI.debug.xcconfig */;
			buildSettings = {
				ASSETCATALOG_COMPILER_APPICON_NAME = AppIcon;
				ASSETCATALOG_COMPILER_GLOBAL_ACCENT_COLOR_NAME = AccentColor;
				CODE_SIGN_STYLE = Automatic;
				CURRENT_PROJECT_VERSION = 1;
				DEVELOPMENT_ASSET_PATHS = "\"Sample_AR-GunMan_Replace_SwiftUI/Preview Content\"";
				DEVELOPMENT_TEAM = 37MFDT4LMQ;
				ENABLE_PREVIEWS = YES;
				GENERATE_INFOPLIST_FILE = YES;
				INFOPLIST_KEY_NSCameraUsageDescription = "ゲーム画面でARコンテンツを表示する為に使用します。";
				INFOPLIST_KEY_UIApplicationSceneManifest_Generation = YES;
				INFOPLIST_KEY_UIApplicationSupportsIndirectInputEvents = YES;
				INFOPLIST_KEY_UILaunchScreen_Generation = YES;
				INFOPLIST_KEY_UISupportedInterfaceOrientations = UIInterfaceOrientationLandscapeRight;
				INFOPLIST_KEY_UISupportedInterfaceOrientations_iPad = "UIInterfaceOrientationLandscapeLeft UIInterfaceOrientationLandscapeRight UIInterfaceOrientationPortrait UIInterfaceOrientationPortraitUpsideDown";
				INFOPLIST_KEY_UIUserInterfaceStyle = Light;
				IPHONEOS_DEPLOYMENT_TARGET = 17.0;
				LD_RUNPATH_SEARCH_PATHS = (
					"$(inherited)",
					"@executable_path/Frameworks",
				);
				MARKETING_VERSION = 1.0;
				PRODUCT_BUNDLE_IDENTIFIER = "test.Sample-AR-GunMan-Replace-SwiftUI";
				PRODUCT_NAME = "$(TARGET_NAME)";
				SWIFT_EMIT_LOC_STRINGS = YES;
				SWIFT_VERSION = 5.0;
				TARGETED_DEVICE_FAMILY = "1,2";
			};
			name = Debug;
		};
		BCFB7A822CF9F6260018649D /* Release */ = {
			isa = XCBuildConfiguration;
			baseConfigurationReference = 05C89C0F9E8B1CB79C99ABC2 /* Pods-Sample_AR-GunMan_Replace_SwiftUI.release.xcconfig */;
			buildSettings = {
				ASSETCATALOG_COMPILER_APPICON_NAME = AppIcon;
				ASSETCATALOG_COMPILER_GLOBAL_ACCENT_COLOR_NAME = AccentColor;
				CODE_SIGN_STYLE = Automatic;
				CURRENT_PROJECT_VERSION = 1;
				DEVELOPMENT_ASSET_PATHS = "\"Sample_AR-GunMan_Replace_SwiftUI/Preview Content\"";
				DEVELOPMENT_TEAM = 37MFDT4LMQ;
				ENABLE_PREVIEWS = YES;
				GENERATE_INFOPLIST_FILE = YES;
				INFOPLIST_KEY_NSCameraUsageDescription = "ゲーム画面でARコンテンツを表示する為に使用します。";
				INFOPLIST_KEY_UIApplicationSceneManifest_Generation = YES;
				INFOPLIST_KEY_UIApplicationSupportsIndirectInputEvents = YES;
				INFOPLIST_KEY_UILaunchScreen_Generation = YES;
				INFOPLIST_KEY_UISupportedInterfaceOrientations = UIInterfaceOrientationLandscapeRight;
				INFOPLIST_KEY_UISupportedInterfaceOrientations_iPad = "UIInterfaceOrientationLandscapeLeft UIInterfaceOrientationLandscapeRight UIInterfaceOrientationPortrait UIInterfaceOrientationPortraitUpsideDown";
				INFOPLIST_KEY_UIUserInterfaceStyle = Light;
				IPHONEOS_DEPLOYMENT_TARGET = 17.0;
				LD_RUNPATH_SEARCH_PATHS = (
					"$(inherited)",
					"@executable_path/Frameworks",
				);
				MARKETING_VERSION = 1.0;
				PRODUCT_BUNDLE_IDENTIFIER = "test.Sample-AR-GunMan-Replace-SwiftUI";
				PRODUCT_NAME = "$(TARGET_NAME)";
				SWIFT_EMIT_LOC_STRINGS = YES;
				SWIFT_VERSION = 5.0;
				TARGETED_DEVICE_FAMILY = "1,2";
			};
			name = Release;
		};
		BCFB7A842CF9F6260018649D /* Debug */ = {
			isa = XCBuildConfiguration;
			baseConfigurationReference = EC64B239A8FF50D412E15E14 /* Pods-Sample_AR-GunMan_Replace_SwiftUITests.debug.xcconfig */;
			buildSettings = {
				ALWAYS_EMBED_SWIFT_STANDARD_LIBRARIES = YES;
				BUNDLE_LOADER = "$(TEST_HOST)";
				CODE_SIGN_STYLE = Automatic;
				CURRENT_PROJECT_VERSION = 1;
				DEVELOPMENT_TEAM = 37MFDT4LMQ;
				GENERATE_INFOPLIST_FILE = YES;
				IPHONEOS_DEPLOYMENT_TARGET = 17.4;
				MARKETING_VERSION = 1.0;
				PRODUCT_BUNDLE_IDENTIFIER = "test.Sample-AR-GunMan-Replace-SwiftUITests";
				PRODUCT_NAME = "$(TARGET_NAME)";
				SWIFT_EMIT_LOC_STRINGS = NO;
				SWIFT_VERSION = 5.0;
				TARGETED_DEVICE_FAMILY = "1,2";
				TEST_HOST = "$(BUILT_PRODUCTS_DIR)/Sample_AR-GunMan_Replace_SwiftUI.app/$(BUNDLE_EXECUTABLE_FOLDER_PATH)/Sample_AR-GunMan_Replace_SwiftUI";
			};
			name = Debug;
		};
		BCFB7A852CF9F6260018649D /* Release */ = {
			isa = XCBuildConfiguration;
			baseConfigurationReference = 76BE8E238DD4ECEE48714798 /* Pods-Sample_AR-GunMan_Replace_SwiftUITests.release.xcconfig */;
			buildSettings = {
				ALWAYS_EMBED_SWIFT_STANDARD_LIBRARIES = YES;
				BUNDLE_LOADER = "$(TEST_HOST)";
				CODE_SIGN_STYLE = Automatic;
				CURRENT_PROJECT_VERSION = 1;
				DEVELOPMENT_TEAM = 37MFDT4LMQ;
				GENERATE_INFOPLIST_FILE = YES;
				IPHONEOS_DEPLOYMENT_TARGET = 17.4;
				MARKETING_VERSION = 1.0;
				PRODUCT_BUNDLE_IDENTIFIER = "test.Sample-AR-GunMan-Replace-SwiftUITests";
				PRODUCT_NAME = "$(TARGET_NAME)";
				SWIFT_EMIT_LOC_STRINGS = NO;
				SWIFT_VERSION = 5.0;
				TARGETED_DEVICE_FAMILY = "1,2";
				TEST_HOST = "$(BUILT_PRODUCTS_DIR)/Sample_AR-GunMan_Replace_SwiftUI.app/$(BUNDLE_EXECUTABLE_FOLDER_PATH)/Sample_AR-GunMan_Replace_SwiftUI";
			};
			name = Release;
		};
		BCFB7A872CF9F6260018649D /* Debug */ = {
			isa = XCBuildConfiguration;
			baseConfigurationReference = 63B1FAE55546FCEF0A338A3F /* Pods-Sample_AR-GunMan_Replace_SwiftUI-Sample_AR-GunMan_Replace_SwiftUIUITests.debug.xcconfig */;
			buildSettings = {
				ALWAYS_EMBED_SWIFT_STANDARD_LIBRARIES = YES;
				CODE_SIGN_STYLE = Automatic;
				CURRENT_PROJECT_VERSION = 1;
				DEVELOPMENT_TEAM = 37MFDT4LMQ;
				GENERATE_INFOPLIST_FILE = YES;
				MARKETING_VERSION = 1.0;
				PRODUCT_BUNDLE_IDENTIFIER = "test.Sample-AR-GunMan-Replace-SwiftUIUITests";
				PRODUCT_NAME = "$(TARGET_NAME)";
				SWIFT_EMIT_LOC_STRINGS = NO;
				SWIFT_VERSION = 5.0;
				TARGETED_DEVICE_FAMILY = "1,2";
				TEST_TARGET_NAME = "Sample_AR-GunMan_Replace_SwiftUI";
			};
			name = Debug;
		};
		BCFB7A882CF9F6260018649D /* Release */ = {
			isa = XCBuildConfiguration;
			baseConfigurationReference = F8F83A5FA1150770175ECC64 /* Pods-Sample_AR-GunMan_Replace_SwiftUI-Sample_AR-GunMan_Replace_SwiftUIUITests.release.xcconfig */;
			buildSettings = {
				ALWAYS_EMBED_SWIFT_STANDARD_LIBRARIES = YES;
				CODE_SIGN_STYLE = Automatic;
				CURRENT_PROJECT_VERSION = 1;
				DEVELOPMENT_TEAM = 37MFDT4LMQ;
				GENERATE_INFOPLIST_FILE = YES;
				MARKETING_VERSION = 1.0;
				PRODUCT_BUNDLE_IDENTIFIER = "test.Sample-AR-GunMan-Replace-SwiftUIUITests";
				PRODUCT_NAME = "$(TARGET_NAME)";
				SWIFT_EMIT_LOC_STRINGS = NO;
				SWIFT_VERSION = 5.0;
				TARGETED_DEVICE_FAMILY = "1,2";
				TEST_TARGET_NAME = "Sample_AR-GunMan_Replace_SwiftUI";
			};
			name = Release;
		};
/* End XCBuildConfiguration section */

/* Begin XCConfigurationList section */
		BCFB7A572CF9F6240018649D /* Build configuration list for PBXProject "Sample_AR-GunMan_Replace_SwiftUI" */ = {
			isa = XCConfigurationList;
			buildConfigurations = (
				BCFB7A7E2CF9F6260018649D /* Debug */,
				BC277D032D14E0C600A56324 /* Test */,
				BCFB7A7F2CF9F6260018649D /* Release */,
			);
			defaultConfigurationIsVisible = 0;
			defaultConfigurationName = Release;
		};
		BCFB7A802CF9F6260018649D /* Build configuration list for PBXNativeTarget "Sample_AR-GunMan_Replace_SwiftUI" */ = {
			isa = XCConfigurationList;
			buildConfigurations = (
				BCFB7A812CF9F6260018649D /* Debug */,
				BC277D042D14E0C600A56324 /* Test */,
				BCFB7A822CF9F6260018649D /* Release */,
			);
			defaultConfigurationIsVisible = 0;
			defaultConfigurationName = Release;
		};
		BCFB7A832CF9F6260018649D /* Build configuration list for PBXNativeTarget "Sample_AR-GunMan_Replace_SwiftUITests" */ = {
			isa = XCConfigurationList;
			buildConfigurations = (
				BCFB7A842CF9F6260018649D /* Debug */,
				BC277D052D14E0C600A56324 /* Test */,
				BCFB7A852CF9F6260018649D /* Release */,
			);
			defaultConfigurationIsVisible = 0;
			defaultConfigurationName = Release;
		};
		BCFB7A862CF9F6260018649D /* Build configuration list for PBXNativeTarget "Sample_AR-GunMan_Replace_SwiftUIUITests" */ = {
			isa = XCConfigurationList;
			buildConfigurations = (
				BCFB7A872CF9F6260018649D /* Debug */,
				BC277D062D14E0C600A56324 /* Test */,
				BCFB7A882CF9F6260018649D /* Release */,
			);
			defaultConfigurationIsVisible = 0;
			defaultConfigurationName = Release;
		};
/* End XCConfigurationList section */

/* Begin XCSwiftPackageProductDependency section */
		BC277D012D145E5E00A56324 /* ARShooting */ = {
			isa = XCSwiftPackageProductDependency;
			productName = ARShooting;
		};
		BCB2B0202D1247DA001EE755 /* WeaponControlMotion */ = {
			isa = XCSwiftPackageProductDependency;
			productName = WeaponControlMotion;
		};
/* End XCSwiftPackageProductDependency section */
	};
	rootObject = BCFB7A542CF9F6240018649D /* Project object */;
}
